// !$*UTF8*$!
{
	archiveVersion = 1;
	classes = {
	};
	objectVersion = 55;
	objects = {

/* Begin PBXBuildFile section */
		3374733282785F6644403987 /* Pods_Seknova_Practice_Seknova_PracticeUITests.framework in Frameworks */ = {isa = PBXBuildFile; fileRef = 5E53C86D42EB499112CB44D2 /* Pods_Seknova_Practice_Seknova_PracticeUITests.framework */; };
		4E2E94E02913B7F900E2533F /* String+Extensions.swift in Sources */ = {isa = PBXBuildFile; fileRef = 4E2E94DF2913B7F900E2533F /* String+Extensions.swift */; };
		4E2E94E32913BDE200E2533F /* Alert.swift in Sources */ = {isa = PBXBuildFile; fileRef = 4E2E94E22913BDE200E2533F /* Alert.swift */; };
		4E71FBC1292FAAAE00B75F9B /* BodyInformationViewController.swift in Sources */ = {isa = PBXBuildFile; fileRef = 4E71FBBF292FAAAE00B75F9B /* BodyInformationViewController.swift */; };
		4E71FBC2292FAAAE00B75F9B /* BodyInformationViewController.xib in Resources */ = {isa = PBXBuildFile; fileRef = 4E71FBC0292FAAAE00B75F9B /* BodyInformationViewController.xib */; };
		4E71FBC6292FAFDB00B75F9B /* AudiovisualTeachingViewController.swift in Sources */ = {isa = PBXBuildFile; fileRef = 4E71FBC4292FAFDB00B75F9B /* AudiovisualTeachingViewController.swift */; };
		4E71FBC7292FAFDB00B75F9B /* AudiovisualTeachingViewController.xib in Resources */ = {isa = PBXBuildFile; fileRef = 4E71FBC5292FAFDB00B75F9B /* AudiovisualTeachingViewController.xib */; };
		4E71FBCB2930EF4A00B75F9B /* BloodSugarIndexViewController.swift in Sources */ = {isa = PBXBuildFile; fileRef = 4E71FBC92930EF4A00B75F9B /* BloodSugarIndexViewController.swift */; };
		4E71FBCC2930EF4A00B75F9B /* BloodSugarIndexViewController.xib in Resources */ = {isa = PBXBuildFile; fileRef = 4E71FBCA2930EF4A00B75F9B /* BloodSugarIndexViewController.xib */; };
		4E79782B293258F2009AE72E /* TransmitterContentViewController.swift in Sources */ = {isa = PBXBuildFile; fileRef = 4E797829293258F2009AE72E /* TransmitterContentViewController.swift */; };
		4E79782C293258F2009AE72E /* TransmitterContentViewController.xib in Resources */ = {isa = PBXBuildFile; fileRef = 4E79782A293258F2009AE72E /* TransmitterContentViewController.xib */; };
		4E79C97A28F40FCF00F3017B /* AppDelegate.swift in Sources */ = {isa = PBXBuildFile; fileRef = 4E79C97928F40FCF00F3017B /* AppDelegate.swift */; };
		4E79C97C28F40FCF00F3017B /* SceneDelegate.swift in Sources */ = {isa = PBXBuildFile; fileRef = 4E79C97B28F40FCF00F3017B /* SceneDelegate.swift */; };
		4E79C98328F40FD100F3017B /* Assets.xcassets in Resources */ = {isa = PBXBuildFile; fileRef = 4E79C98228F40FD100F3017B /* Assets.xcassets */; };
		4E79C98628F40FD100F3017B /* LaunchScreen.storyboard in Resources */ = {isa = PBXBuildFile; fileRef = 4E79C98428F40FD100F3017B /* LaunchScreen.storyboard */; };
		4E79C99128F40FD200F3017B /* Seknova_PracticeTests.swift in Sources */ = {isa = PBXBuildFile; fileRef = 4E79C99028F40FD200F3017B /* Seknova_PracticeTests.swift */; };
		4E79C99B28F40FD200F3017B /* Seknova_PracticeUITests.swift in Sources */ = {isa = PBXBuildFile; fileRef = 4E79C99A28F40FD200F3017B /* Seknova_PracticeUITests.swift */; };
		4E79C99D28F40FD200F3017B /* Seknova_PracticeUITestsLaunchTests.swift in Sources */ = {isa = PBXBuildFile; fileRef = 4E79C99C28F40FD200F3017B /* Seknova_PracticeUITestsLaunchTests.swift */; };
		4E7CD54E2935F7A100F913F4 /* UnderstandMoreViewController.swift in Sources */ = {isa = PBXBuildFile; fileRef = 4E7CD54C2935F7A100F913F4 /* UnderstandMoreViewController.swift */; };
		4E7CD54F2935F7A100F913F4 /* UnderstandMoreViewController.xib in Resources */ = {isa = PBXBuildFile; fileRef = 4E7CD54D2935F7A100F913F4 /* UnderstandMoreViewController.xib */; };
		4E7CD5532937925900F913F4 /* PairBlueToothViewController.swift in Sources */ = {isa = PBXBuildFile; fileRef = 4E7CD5512937925900F913F4 /* PairBlueToothViewController.swift */; };
		4E7CD5542937925900F913F4 /* PairBlueToothViewController.xib in Resources */ = {isa = PBXBuildFile; fileRef = 4E7CD5522937925900F913F4 /* PairBlueToothViewController.xib */; };
		4E7F94DC292CD6F000F28F69 /* ResetPasswordViewController.swift in Sources */ = {isa = PBXBuildFile; fileRef = 4E7F94DA292CD6F000F28F69 /* ResetPasswordViewController.swift */; };
		4E7F94DD292CD6F000F28F69 /* ResetPasswordViewController.xib in Resources */ = {isa = PBXBuildFile; fileRef = 4E7F94DB292CD6F000F28F69 /* ResetPasswordViewController.xib */; };
		4E7F94E0292E2BCC00F28F69 /* PrivacyConsentViewController.swift in Sources */ = {isa = PBXBuildFile; fileRef = 4E7F94DE292E2BCC00F28F69 /* PrivacyConsentViewController.swift */; };
		4E7F94E1292E2BCC00F28F69 /* PrivacyConsentViewController.xib in Resources */ = {isa = PBXBuildFile; fileRef = 4E7F94DF292E2BCC00F28F69 /* PrivacyConsentViewController.xib */; };
		4E8303C12907D559005DBEA5 /* BaseViewController.swift in Sources */ = {isa = PBXBuildFile; fileRef = 4E8303C02907D559005DBEA5 /* BaseViewController.swift */; };
		4E8303C32907D8EF005DBEA5 /* Color+Extensions.swift in Sources */ = {isa = PBXBuildFile; fileRef = 4E8303C22907D8EF005DBEA5 /* Color+Extensions.swift */; };
		4E854D7A29026E9B0097D79E /* RegisterViewController.swift in Sources */ = {isa = PBXBuildFile; fileRef = 4E854D7829026E9B0097D79E /* RegisterViewController.swift */; };
		4E854D7B29026E9B0097D79E /* RegisterViewController.xib in Resources */ = {isa = PBXBuildFile; fileRef = 4E854D7929026E9B0097D79E /* RegisterViewController.xib */; };
		4E854D7F290270DB0097D79E /* LoginViewController.swift in Sources */ = {isa = PBXBuildFile; fileRef = 4E854D7D290270DA0097D79E /* LoginViewController.swift */; };
		4E854D80290270DB0097D79E /* LoginViewController.xib in Resources */ = {isa = PBXBuildFile; fileRef = 4E854D7E290270DB0097D79E /* LoginViewController.xib */; };
		4E88DB4E290283C9005DCFC9 /* AlphaBackgroundView.swift in Sources */ = {isa = PBXBuildFile; fileRef = 4E88DB4D290283C9005DCFC9 /* AlphaBackgroundView.swift */; };
		4E9BA6BC29090E1700EA71A5 /* TextField+Extensions.swift in Sources */ = {isa = PBXBuildFile; fileRef = 4E9BA6BB29090E1700EA71A5 /* TextField+Extensions.swift */; };
		4EFBDA642923AE8300202B2A /* ContrastPopoverViewController.swift in Sources */ = {isa = PBXBuildFile; fileRef = 4EFBDA622923AE8300202B2A /* ContrastPopoverViewController.swift */; };
		4EFBDA652923AE8300202B2A /* ContrastPopoverViewController.xib in Resources */ = {isa = PBXBuildFile; fileRef = 4EFBDA632923AE8300202B2A /* ContrastPopoverViewController.xib */; };
		4EFBDA6D292666AA00202B2A /* RecertifictionLeterViewController.swift in Sources */ = {isa = PBXBuildFile; fileRef = 4EFBDA6B292666AA00202B2A /* RecertifictionLeterViewController.swift */; };
		4EFBDA6E292666AA00202B2A /* RecertifictionLeterViewController.xib in Resources */ = {isa = PBXBuildFile; fileRef = 4EFBDA6C292666AA00202B2A /* RecertifictionLeterViewController.xib */; };
		4EFBDA70292B78E400202B2A /* UserPreference.swift in Sources */ = {isa = PBXBuildFile; fileRef = 4EFBDA6F292B78E400202B2A /* UserPreference.swift */; };
		4EFBDA74292BA17100202B2A /* ForgotPassword.swift in Sources */ = {isa = PBXBuildFile; fileRef = 4EFBDA72292BA17100202B2A /* ForgotPassword.swift */; };
		4EFBDA75292BA17100202B2A /* ForgotPassword.xib in Resources */ = {isa = PBXBuildFile; fileRef = 4EFBDA73292BA17100202B2A /* ForgotPassword.xib */; };
		9F0797D51F2F439D88BA34B4 /* Pods_Seknova_Practice.framework in Frameworks */ = {isa = PBXBuildFile; fileRef = 24BD3366D14F68E6807C079D /* Pods_Seknova_Practice.framework */; };
		AB7E72BFEFD88A0C57D46B13 /* Pods_Seknova_PracticeTests.framework in Frameworks */ = {isa = PBXBuildFile; fileRef = 35593199C3A17A67170D258B /* Pods_Seknova_PracticeTests.framework */; };
/* End PBXBuildFile section */

/* Begin PBXContainerItemProxy section */
		4E79C98D28F40FD200F3017B /* PBXContainerItemProxy */ = {
			isa = PBXContainerItemProxy;
			containerPortal = 4E79C96E28F40FCF00F3017B /* Project object */;
			proxyType = 1;
			remoteGlobalIDString = 4E79C97528F40FCF00F3017B;
			remoteInfo = "Seknova-Practice";
		};
		4E79C99728F40FD200F3017B /* PBXContainerItemProxy */ = {
			isa = PBXContainerItemProxy;
			containerPortal = 4E79C96E28F40FCF00F3017B /* Project object */;
			proxyType = 1;
			remoteGlobalIDString = 4E79C97528F40FCF00F3017B;
			remoteInfo = "Seknova-Practice";
		};
/* End PBXContainerItemProxy section */

/* Begin PBXFileReference section */
		0F46DE910FEBAD4F4DB2D4E6 /* Pods-Seknova-Practice-Seknova-PracticeUITests.release.xcconfig */ = {isa = PBXFileReference; includeInIndex = 1; lastKnownFileType = text.xcconfig; name = "Pods-Seknova-Practice-Seknova-PracticeUITests.release.xcconfig"; path = "Target Support Files/Pods-Seknova-Practice-Seknova-PracticeUITests/Pods-Seknova-Practice-Seknova-PracticeUITests.release.xcconfig"; sourceTree = "<group>"; };
		24BD3366D14F68E6807C079D /* Pods_Seknova_Practice.framework */ = {isa = PBXFileReference; explicitFileType = wrapper.framework; includeInIndex = 0; path = Pods_Seknova_Practice.framework; sourceTree = BUILT_PRODUCTS_DIR; };
		35593199C3A17A67170D258B /* Pods_Seknova_PracticeTests.framework */ = {isa = PBXFileReference; explicitFileType = wrapper.framework; includeInIndex = 0; path = Pods_Seknova_PracticeTests.framework; sourceTree = BUILT_PRODUCTS_DIR; };
		4E2E94DF2913B7F900E2533F /* String+Extensions.swift */ = {isa = PBXFileReference; lastKnownFileType = sourcecode.swift; path = "String+Extensions.swift"; sourceTree = "<group>"; };
		4E2E94E22913BDE200E2533F /* Alert.swift */ = {isa = PBXFileReference; lastKnownFileType = sourcecode.swift; path = Alert.swift; sourceTree = "<group>"; };
		4E71FBBF292FAAAE00B75F9B /* BodyInformationViewController.swift */ = {isa = PBXFileReference; lastKnownFileType = sourcecode.swift; path = BodyInformationViewController.swift; sourceTree = "<group>"; };
		4E71FBC0292FAAAE00B75F9B /* BodyInformationViewController.xib */ = {isa = PBXFileReference; lastKnownFileType = file.xib; path = BodyInformationViewController.xib; sourceTree = "<group>"; };
		4E71FBC4292FAFDB00B75F9B /* AudiovisualTeachingViewController.swift */ = {isa = PBXFileReference; lastKnownFileType = sourcecode.swift; path = AudiovisualTeachingViewController.swift; sourceTree = "<group>"; };
		4E71FBC5292FAFDB00B75F9B /* AudiovisualTeachingViewController.xib */ = {isa = PBXFileReference; lastKnownFileType = file.xib; path = AudiovisualTeachingViewController.xib; sourceTree = "<group>"; };
		4E71FBC92930EF4A00B75F9B /* BloodSugarIndexViewController.swift */ = {isa = PBXFileReference; lastKnownFileType = sourcecode.swift; path = BloodSugarIndexViewController.swift; sourceTree = "<group>"; };
		4E71FBCA2930EF4A00B75F9B /* BloodSugarIndexViewController.xib */ = {isa = PBXFileReference; lastKnownFileType = file.xib; path = BloodSugarIndexViewController.xib; sourceTree = "<group>"; };
		4E797829293258F2009AE72E /* TransmitterContentViewController.swift */ = {isa = PBXFileReference; lastKnownFileType = sourcecode.swift; path = TransmitterContentViewController.swift; sourceTree = "<group>"; };
		4E79782A293258F2009AE72E /* TransmitterContentViewController.xib */ = {isa = PBXFileReference; lastKnownFileType = file.xib; path = TransmitterContentViewController.xib; sourceTree = "<group>"; };
		4E79C97628F40FCF00F3017B /* Seknova-Practice.app */ = {isa = PBXFileReference; explicitFileType = wrapper.application; includeInIndex = 0; path = "Seknova-Practice.app"; sourceTree = BUILT_PRODUCTS_DIR; };
		4E79C97928F40FCF00F3017B /* AppDelegate.swift */ = {isa = PBXFileReference; lastKnownFileType = sourcecode.swift; path = AppDelegate.swift; sourceTree = "<group>"; };
		4E79C97B28F40FCF00F3017B /* SceneDelegate.swift */ = {isa = PBXFileReference; lastKnownFileType = sourcecode.swift; path = SceneDelegate.swift; sourceTree = "<group>"; };
		4E79C98228F40FD100F3017B /* Assets.xcassets */ = {isa = PBXFileReference; lastKnownFileType = folder.assetcatalog; path = Assets.xcassets; sourceTree = "<group>"; };
		4E79C98528F40FD100F3017B /* Base */ = {isa = PBXFileReference; lastKnownFileType = file.storyboard; name = Base; path = Base.lproj/LaunchScreen.storyboard; sourceTree = "<group>"; };
		4E79C98728F40FD100F3017B /* Info.plist */ = {isa = PBXFileReference; lastKnownFileType = text.plist.xml; path = Info.plist; sourceTree = "<group>"; };
		4E79C98C28F40FD200F3017B /* Seknova-PracticeTests.xctest */ = {isa = PBXFileReference; explicitFileType = wrapper.cfbundle; includeInIndex = 0; path = "Seknova-PracticeTests.xctest"; sourceTree = BUILT_PRODUCTS_DIR; };
		4E79C99028F40FD200F3017B /* Seknova_PracticeTests.swift */ = {isa = PBXFileReference; lastKnownFileType = sourcecode.swift; path = Seknova_PracticeTests.swift; sourceTree = "<group>"; };
		4E79C99628F40FD200F3017B /* Seknova-PracticeUITests.xctest */ = {isa = PBXFileReference; explicitFileType = wrapper.cfbundle; includeInIndex = 0; path = "Seknova-PracticeUITests.xctest"; sourceTree = BUILT_PRODUCTS_DIR; };
		4E79C99A28F40FD200F3017B /* Seknova_PracticeUITests.swift */ = {isa = PBXFileReference; lastKnownFileType = sourcecode.swift; path = Seknova_PracticeUITests.swift; sourceTree = "<group>"; };
		4E79C99C28F40FD200F3017B /* Seknova_PracticeUITestsLaunchTests.swift */ = {isa = PBXFileReference; lastKnownFileType = sourcecode.swift; path = Seknova_PracticeUITestsLaunchTests.swift; sourceTree = "<group>"; };
		4E7CD54C2935F7A100F913F4 /* UnderstandMoreViewController.swift */ = {isa = PBXFileReference; lastKnownFileType = sourcecode.swift; path = UnderstandMoreViewController.swift; sourceTree = "<group>"; };
		4E7CD54D2935F7A100F913F4 /* UnderstandMoreViewController.xib */ = {isa = PBXFileReference; lastKnownFileType = file.xib; path = UnderstandMoreViewController.xib; sourceTree = "<group>"; };
		4E7CD5512937925900F913F4 /* PairBlueToothViewController.swift */ = {isa = PBXFileReference; lastKnownFileType = sourcecode.swift; path = PairBlueToothViewController.swift; sourceTree = "<group>"; };
		4E7CD5522937925900F913F4 /* PairBlueToothViewController.xib */ = {isa = PBXFileReference; lastKnownFileType = file.xib; path = PairBlueToothViewController.xib; sourceTree = "<group>"; };
		4E7F94DA292CD6F000F28F69 /* ResetPasswordViewController.swift */ = {isa = PBXFileReference; lastKnownFileType = sourcecode.swift; path = ResetPasswordViewController.swift; sourceTree = "<group>"; };
		4E7F94DB292CD6F000F28F69 /* ResetPasswordViewController.xib */ = {isa = PBXFileReference; lastKnownFileType = file.xib; path = ResetPasswordViewController.xib; sourceTree = "<group>"; };
		4E7F94DE292E2BCC00F28F69 /* PrivacyConsentViewController.swift */ = {isa = PBXFileReference; lastKnownFileType = sourcecode.swift; path = PrivacyConsentViewController.swift; sourceTree = "<group>"; };
		4E7F94DF292E2BCC00F28F69 /* PrivacyConsentViewController.xib */ = {isa = PBXFileReference; lastKnownFileType = file.xib; path = PrivacyConsentViewController.xib; sourceTree = "<group>"; };
		4E8303C02907D559005DBEA5 /* BaseViewController.swift */ = {isa = PBXFileReference; lastKnownFileType = sourcecode.swift; path = BaseViewController.swift; sourceTree = "<group>"; };
		4E8303C22907D8EF005DBEA5 /* Color+Extensions.swift */ = {isa = PBXFileReference; lastKnownFileType = sourcecode.swift; path = "Color+Extensions.swift"; sourceTree = "<group>"; };
		4E854D7829026E9B0097D79E /* RegisterViewController.swift */ = {isa = PBXFileReference; lastKnownFileType = sourcecode.swift; path = RegisterViewController.swift; sourceTree = "<group>"; };
		4E854D7929026E9B0097D79E /* RegisterViewController.xib */ = {isa = PBXFileReference; lastKnownFileType = file.xib; path = RegisterViewController.xib; sourceTree = "<group>"; };
		4E854D7D290270DA0097D79E /* LoginViewController.swift */ = {isa = PBXFileReference; fileEncoding = 4; lastKnownFileType = sourcecode.swift; path = LoginViewController.swift; sourceTree = "<group>"; };
		4E854D7E290270DB0097D79E /* LoginViewController.xib */ = {isa = PBXFileReference; fileEncoding = 4; lastKnownFileType = file.xib; path = LoginViewController.xib; sourceTree = "<group>"; };
		4E88DB4D290283C9005DCFC9 /* AlphaBackgroundView.swift */ = {isa = PBXFileReference; lastKnownFileType = sourcecode.swift; path = AlphaBackgroundView.swift; sourceTree = "<group>"; };
		4E9BA6BB29090E1700EA71A5 /* TextField+Extensions.swift */ = {isa = PBXFileReference; lastKnownFileType = sourcecode.swift; path = "TextField+Extensions.swift"; sourceTree = "<group>"; };
		4EFBDA622923AE8300202B2A /* ContrastPopoverViewController.swift */ = {isa = PBXFileReference; lastKnownFileType = sourcecode.swift; path = ContrastPopoverViewController.swift; sourceTree = "<group>"; };
		4EFBDA632923AE8300202B2A /* ContrastPopoverViewController.xib */ = {isa = PBXFileReference; lastKnownFileType = file.xib; path = ContrastPopoverViewController.xib; sourceTree = "<group>"; };
		4EFBDA6B292666AA00202B2A /* RecertifictionLeterViewController.swift */ = {isa = PBXFileReference; lastKnownFileType = sourcecode.swift; path = RecertifictionLeterViewController.swift; sourceTree = "<group>"; };
		4EFBDA6C292666AA00202B2A /* RecertifictionLeterViewController.xib */ = {isa = PBXFileReference; lastKnownFileType = file.xib; path = RecertifictionLeterViewController.xib; sourceTree = "<group>"; };
		4EFBDA6F292B78E400202B2A /* UserPreference.swift */ = {isa = PBXFileReference; lastKnownFileType = sourcecode.swift; path = UserPreference.swift; sourceTree = "<group>"; };
		4EFBDA72292BA17100202B2A /* ForgotPassword.swift */ = {isa = PBXFileReference; lastKnownFileType = sourcecode.swift; path = ForgotPassword.swift; sourceTree = "<group>"; };
		4EFBDA73292BA17100202B2A /* ForgotPassword.xib */ = {isa = PBXFileReference; lastKnownFileType = file.xib; path = ForgotPassword.xib; sourceTree = "<group>"; };
		5E53C86D42EB499112CB44D2 /* Pods_Seknova_Practice_Seknova_PracticeUITests.framework */ = {isa = PBXFileReference; explicitFileType = wrapper.framework; includeInIndex = 0; path = Pods_Seknova_Practice_Seknova_PracticeUITests.framework; sourceTree = BUILT_PRODUCTS_DIR; };
		66AB2B0F508E9F55A2DC51EB /* Pods-Seknova-PracticeTests.debug.xcconfig */ = {isa = PBXFileReference; includeInIndex = 1; lastKnownFileType = text.xcconfig; name = "Pods-Seknova-PracticeTests.debug.xcconfig"; path = "Target Support Files/Pods-Seknova-PracticeTests/Pods-Seknova-PracticeTests.debug.xcconfig"; sourceTree = "<group>"; };
		73B98C0961C0E0B99FCF814F /* Pods-Seknova-Practice.debug.xcconfig */ = {isa = PBXFileReference; includeInIndex = 1; lastKnownFileType = text.xcconfig; name = "Pods-Seknova-Practice.debug.xcconfig"; path = "Target Support Files/Pods-Seknova-Practice/Pods-Seknova-Practice.debug.xcconfig"; sourceTree = "<group>"; };
		74C6295ABF655AAD775AA0A3 /* Pods-Seknova-PracticeTests.release.xcconfig */ = {isa = PBXFileReference; includeInIndex = 1; lastKnownFileType = text.xcconfig; name = "Pods-Seknova-PracticeTests.release.xcconfig"; path = "Target Support Files/Pods-Seknova-PracticeTests/Pods-Seknova-PracticeTests.release.xcconfig"; sourceTree = "<group>"; };
		D50C8B306315FD57732FB8CA /* Pods-Seknova-Practice-Seknova-PracticeUITests.debug.xcconfig */ = {isa = PBXFileReference; includeInIndex = 1; lastKnownFileType = text.xcconfig; name = "Pods-Seknova-Practice-Seknova-PracticeUITests.debug.xcconfig"; path = "Target Support Files/Pods-Seknova-Practice-Seknova-PracticeUITests/Pods-Seknova-Practice-Seknova-PracticeUITests.debug.xcconfig"; sourceTree = "<group>"; };
		E6ADCFB13685BA29F0ED7763 /* Pods-Seknova-Practice.release.xcconfig */ = {isa = PBXFileReference; includeInIndex = 1; lastKnownFileType = text.xcconfig; name = "Pods-Seknova-Practice.release.xcconfig"; path = "Target Support Files/Pods-Seknova-Practice/Pods-Seknova-Practice.release.xcconfig"; sourceTree = "<group>"; };
/* End PBXFileReference section */

/* Begin PBXFrameworksBuildPhase section */
		4E79C97328F40FCF00F3017B /* Frameworks */ = {
			isa = PBXFrameworksBuildPhase;
			buildActionMask = 2147483647;
			files = (
				9F0797D51F2F439D88BA34B4 /* Pods_Seknova_Practice.framework in Frameworks */,
			);
			runOnlyForDeploymentPostprocessing = 0;
		};
		4E79C98928F40FD200F3017B /* Frameworks */ = {
			isa = PBXFrameworksBuildPhase;
			buildActionMask = 2147483647;
			files = (
				AB7E72BFEFD88A0C57D46B13 /* Pods_Seknova_PracticeTests.framework in Frameworks */,
			);
			runOnlyForDeploymentPostprocessing = 0;
		};
		4E79C99328F40FD200F3017B /* Frameworks */ = {
			isa = PBXFrameworksBuildPhase;
			buildActionMask = 2147483647;
			files = (
				3374733282785F6644403987 /* Pods_Seknova_Practice_Seknova_PracticeUITests.framework in Frameworks */,
			);
			runOnlyForDeploymentPostprocessing = 0;
		};
/* End PBXFrameworksBuildPhase section */

/* Begin PBXGroup section */
		4732D0BD081C04E56196579E /* Pods */ = {
			isa = PBXGroup;
			children = (
				73B98C0961C0E0B99FCF814F /* Pods-Seknova-Practice.debug.xcconfig */,
				E6ADCFB13685BA29F0ED7763 /* Pods-Seknova-Practice.release.xcconfig */,
				D50C8B306315FD57732FB8CA /* Pods-Seknova-Practice-Seknova-PracticeUITests.debug.xcconfig */,
				0F46DE910FEBAD4F4DB2D4E6 /* Pods-Seknova-Practice-Seknova-PracticeUITests.release.xcconfig */,
				66AB2B0F508E9F55A2DC51EB /* Pods-Seknova-PracticeTests.debug.xcconfig */,
				74C6295ABF655AAD775AA0A3 /* Pods-Seknova-PracticeTests.release.xcconfig */,
			);
			path = Pods;
			sourceTree = "<group>";
		};
		4E71FBBD292F9D8200B75F9B /* ContrastViewController */ = {
			isa = PBXGroup;
			children = (
				4EFBDA622923AE8300202B2A /* ContrastPopoverViewController.swift */,
				4EFBDA632923AE8300202B2A /* ContrastPopoverViewController.xib */,
			);
			path = ContrastViewController;
			sourceTree = "<group>";
		};
		4E71FBBE292FAA5400B75F9B /* BodyInformationViewController */ = {
			isa = PBXGroup;
			children = (
				4E71FBBF292FAAAE00B75F9B /* BodyInformationViewController.swift */,
				4E71FBC0292FAAAE00B75F9B /* BodyInformationViewController.xib */,
			);
			path = BodyInformationViewController;
			sourceTree = "<group>";
		};
		4E71FBC3292FAF6600B75F9B /* AudiovisualTeachingViewController */ = {
			isa = PBXGroup;
			children = (
				4E71FBC4292FAFDB00B75F9B /* AudiovisualTeachingViewController.swift */,
				4E71FBC5292FAFDB00B75F9B /* AudiovisualTeachingViewController.xib */,
			);
			name = AudiovisualTeachingViewController;
			sourceTree = "<group>";
		};
		4E71FBC82930EF0C00B75F9B /* BloodSugarIndex */ = {
			isa = PBXGroup;
			children = (
				4E71FBC92930EF4A00B75F9B /* BloodSugarIndexViewController.swift */,
				4E71FBCA2930EF4A00B75F9B /* BloodSugarIndexViewController.xib */,
				4E7CD54C2935F7A100F913F4 /* UnderstandMoreViewController.swift */,
				4E7CD54D2935F7A100F913F4 /* UnderstandMoreViewController.xib */,
			);
			path = BloodSugarIndex;
			sourceTree = "<group>";
		};
		4E79782829324A75009AE72E /* TransmitterContent */ = {
			isa = PBXGroup;
			children = (
				4E79782A293258F2009AE72E /* TransmitterContentViewController.xib */,
				4E797829293258F2009AE72E /* TransmitterContentViewController.swift */,
			);
			path = TransmitterContent;
			sourceTree = "<group>";
		};
		4E79C96D28F40FCF00F3017B = {
			isa = PBXGroup;
			children = (
				4E79C97828F40FCF00F3017B /* Seknova-Practice */,
				4E79C98F28F40FD200F3017B /* Seknova-PracticeTests */,
				4E79C99928F40FD200F3017B /* Seknova-PracticeUITests */,
				4E79C97728F40FCF00F3017B /* Products */,
				4732D0BD081C04E56196579E /* Pods */,
				7F5928064439FBD21B1E663B /* Frameworks */,
			);
			sourceTree = "<group>";
		};
		4E79C97728F40FCF00F3017B /* Products */ = {
			isa = PBXGroup;
			children = (
				4E79C97628F40FCF00F3017B /* Seknova-Practice.app */,
				4E79C98C28F40FD200F3017B /* Seknova-PracticeTests.xctest */,
				4E79C99628F40FD200F3017B /* Seknova-PracticeUITests.xctest */,
			);
			name = Products;
			sourceTree = "<group>";
		};
		4E79C97828F40FCF00F3017B /* Seknova-Practice */ = {
			isa = PBXGroup;
			children = (
				4EC6764128F826780027BF79 /* Controller */,
				4EC6764028F8266E0027BF79 /* View */,
				4EC6763F28F8265D0027BF79 /* Model */,
				4E79C97928F40FCF00F3017B /* AppDelegate.swift */,
				4E79C97B28F40FCF00F3017B /* SceneDelegate.swift */,
				4E79C98228F40FD100F3017B /* Assets.xcassets */,
				4E79C98428F40FD100F3017B /* LaunchScreen.storyboard */,
				4E79C98728F40FD100F3017B /* Info.plist */,
			);
			path = "Seknova-Practice";
			sourceTree = "<group>";
		};
		4E79C98F28F40FD200F3017B /* Seknova-PracticeTests */ = {
			isa = PBXGroup;
			children = (
				4E79C99028F40FD200F3017B /* Seknova_PracticeTests.swift */,
			);
			path = "Seknova-PracticeTests";
			sourceTree = "<group>";
		};
		4E79C99928F40FD200F3017B /* Seknova-PracticeUITests */ = {
			isa = PBXGroup;
			children = (
				4E79C99A28F40FD200F3017B /* Seknova_PracticeUITests.swift */,
				4E79C99C28F40FD200F3017B /* Seknova_PracticeUITestsLaunchTests.swift */,
			);
			path = "Seknova-PracticeUITests";
			sourceTree = "<group>";
		};
		4E7CD550293791C900F913F4 /* PairBlueTooth */ = {
			isa = PBXGroup;
			children = (
				4E7CD5512937925900F913F4 /* PairBlueToothViewController.swift */,
				4E7CD5522937925900F913F4 /* PairBlueToothViewController.xib */,
			);
			path = PairBlueTooth;
			sourceTree = "<group>";
		};
		4E7F94D9292CD6B300F28F69 /* ResetPassword */ = {
			isa = PBXGroup;
			children = (
				4E7F94DA292CD6F000F28F69 /* ResetPasswordViewController.swift */,
				4E7F94DB292CD6F000F28F69 /* ResetPasswordViewController.xib */,
			);
			path = ResetPassword;
			sourceTree = "<group>";
		};
		4E7F94E2292E2BD800F28F69 /*  PrivacyConsent */ = {
			isa = PBXGroup;
			children = (
				4E7F94DE292E2BCC00F28F69 /* PrivacyConsentViewController.swift */,
				4E7F94DF292E2BCC00F28F69 /* PrivacyConsentViewController.xib */,
			);
			path = " PrivacyConsent";
			sourceTree = "<group>";
		};
		4E8303C42907D92A005DBEA5 /* Extensions */ = {
			isa = PBXGroup;
			children = (
				4E8303C22907D8EF005DBEA5 /* Color+Extensions.swift */,
				4E9BA6BB29090E1700EA71A5 /* TextField+Extensions.swift */,
				4E2E94DF2913B7F900E2533F /* String+Extensions.swift */,
			);
			path = Extensions;
			sourceTree = "<group>";
		};
		4E854D7729026E420097D79E /* Login */ = {
			isa = PBXGroup;
			children = (
				4E854D7D290270DA0097D79E /* LoginViewController.swift */,
				4E854D7E290270DB0097D79E /* LoginViewController.xib */,
			);
			path = Login;
			sourceTree = "<group>";
		};
		4E854D7C29026EA90097D79E /* Register */ = {
			isa = PBXGroup;
			children = (
				4E854D7829026E9B0097D79E /* RegisterViewController.swift */,
				4E854D7929026E9B0097D79E /* RegisterViewController.xib */,
			);
			path = Register;
			sourceTree = "<group>";
		};
		4EC6763F28F8265D0027BF79 /* Model */ = {
			isa = PBXGroup;
			children = (
				4E8303C42907D92A005DBEA5 /* Extensions */,
				4E2E94E22913BDE200E2533F /* Alert.swift */,
				4EFBDA6F292B78E400202B2A /* UserPreference.swift */,
			);
			path = Model;
			sourceTree = "<group>";
		};
		4EC6764028F8266E0027BF79 /* View */ = {
			isa = PBXGroup;
			children = (
				4E88DB4D290283C9005DCFC9 /* AlphaBackgroundView.swift */,
			);
			path = View;
			sourceTree = "<group>";
		};
		4EC6764128F826780027BF79 /* Controller */ = {
			isa = PBXGroup;
			children = (
				4E7CD550293791C900F913F4 /* PairBlueTooth */,
				4E79782829324A75009AE72E /* TransmitterContent */,
				4E71FBC82930EF0C00B75F9B /* BloodSugarIndex */,
				4E71FBC3292FAF6600B75F9B /* AudiovisualTeachingViewController */,
				4E71FBBE292FAA5400B75F9B /* BodyInformationViewController */,
				4E71FBBD292F9D8200B75F9B /* ContrastViewController */,
				4E8303C02907D559005DBEA5 /* BaseViewController.swift */,
				4E854D7729026E420097D79E /* Login */,
				4E854D7C29026EA90097D79E /* Register */,
				4EFBDA6629263A3B00202B2A /* RecertifictionLetter */,
				4EFBDA71292BA14000202B2A /* ForgotPassword */,
				4E7F94D9292CD6B300F28F69 /* ResetPassword */,
				4E7F94E2292E2BD800F28F69 /*  PrivacyConsent */,
			);
			path = Controller;
			sourceTree = "<group>";
		};
		4EFBDA6629263A3B00202B2A /* RecertifictionLetter */ = {
			isa = PBXGroup;
			children = (
				4EFBDA6B292666AA00202B2A /* RecertifictionLeterViewController.swift */,
				4EFBDA6C292666AA00202B2A /* RecertifictionLeterViewController.xib */,
			);
			path = RecertifictionLetter;
			sourceTree = "<group>";
		};
		4EFBDA71292BA14000202B2A /* ForgotPassword */ = {
			isa = PBXGroup;
			children = (
				4EFBDA72292BA17100202B2A /* ForgotPassword.swift */,
				4EFBDA73292BA17100202B2A /* ForgotPassword.xib */,
			);
			path = ForgotPassword;
			sourceTree = "<group>";
		};
		7F5928064439FBD21B1E663B /* Frameworks */ = {
			isa = PBXGroup;
			children = (
				24BD3366D14F68E6807C079D /* Pods_Seknova_Practice.framework */,
				5E53C86D42EB499112CB44D2 /* Pods_Seknova_Practice_Seknova_PracticeUITests.framework */,
				35593199C3A17A67170D258B /* Pods_Seknova_PracticeTests.framework */,
			);
			name = Frameworks;
			sourceTree = "<group>";
		};
/* End PBXGroup section */

/* Begin PBXNativeTarget section */
		4E79C97528F40FCF00F3017B /* Seknova-Practice */ = {
			isa = PBXNativeTarget;
			buildConfigurationList = 4E79C9A028F40FD200F3017B /* Build configuration list for PBXNativeTarget "Seknova-Practice" */;
			buildPhases = (
				69080E07291D065C70F14E7D /* [CP] Check Pods Manifest.lock */,
				4E79C97228F40FCF00F3017B /* Sources */,
				4E79C97328F40FCF00F3017B /* Frameworks */,
				4E79C97428F40FCF00F3017B /* Resources */,
				F53A5410464AADA2D3561F1A /* [CP] Embed Pods Frameworks */,
			);
			buildRules = (
			);
			dependencies = (
			);
			name = "Seknova-Practice";
			productName = "Seknova-Practice";
			productReference = 4E79C97628F40FCF00F3017B /* Seknova-Practice.app */;
			productType = "com.apple.product-type.application";
		};
		4E79C98B28F40FD200F3017B /* Seknova-PracticeTests */ = {
			isa = PBXNativeTarget;
			buildConfigurationList = 4E79C9A328F40FD200F3017B /* Build configuration list for PBXNativeTarget "Seknova-PracticeTests" */;
			buildPhases = (
				6C45B5A0FE79C1E0885348E3 /* [CP] Check Pods Manifest.lock */,
				4E79C98828F40FD200F3017B /* Sources */,
				4E79C98928F40FD200F3017B /* Frameworks */,
				4E79C98A28F40FD200F3017B /* Resources */,
			);
			buildRules = (
			);
			dependencies = (
				4E79C98E28F40FD200F3017B /* PBXTargetDependency */,
			);
			name = "Seknova-PracticeTests";
			productName = "Seknova-PracticeTests";
			productReference = 4E79C98C28F40FD200F3017B /* Seknova-PracticeTests.xctest */;
			productType = "com.apple.product-type.bundle.unit-test";
		};
		4E79C99528F40FD200F3017B /* Seknova-PracticeUITests */ = {
			isa = PBXNativeTarget;
			buildConfigurationList = 4E79C9A628F40FD200F3017B /* Build configuration list for PBXNativeTarget "Seknova-PracticeUITests" */;
			buildPhases = (
				C24776FA0A3BAACEDF276073 /* [CP] Check Pods Manifest.lock */,
				4E79C99228F40FD200F3017B /* Sources */,
				4E79C99328F40FD200F3017B /* Frameworks */,
				4E79C99428F40FD200F3017B /* Resources */,
				6EC7B69F6303F116CC4FE93D /* [CP] Embed Pods Frameworks */,
			);
			buildRules = (
			);
			dependencies = (
				4E79C99828F40FD200F3017B /* PBXTargetDependency */,
			);
			name = "Seknova-PracticeUITests";
			productName = "Seknova-PracticeUITests";
			productReference = 4E79C99628F40FD200F3017B /* Seknova-PracticeUITests.xctest */;
			productType = "com.apple.product-type.bundle.ui-testing";
		};
/* End PBXNativeTarget section */

/* Begin PBXProject section */
		4E79C96E28F40FCF00F3017B /* Project object */ = {
			isa = PBXProject;
			attributes = {
				BuildIndependentTargetsInParallel = 1;
				LastSwiftUpdateCheck = 1340;
				LastUpgradeCheck = 1340;
				TargetAttributes = {
					4E79C97528F40FCF00F3017B = {
						CreatedOnToolsVersion = 13.4.1;
					};
					4E79C98B28F40FD200F3017B = {
						CreatedOnToolsVersion = 13.4.1;
						TestTargetID = 4E79C97528F40FCF00F3017B;
					};
					4E79C99528F40FD200F3017B = {
						CreatedOnToolsVersion = 13.4.1;
						TestTargetID = 4E79C97528F40FCF00F3017B;
					};
				};
			};
			buildConfigurationList = 4E79C97128F40FCF00F3017B /* Build configuration list for PBXProject "Seknova-Practice" */;
			compatibilityVersion = "Xcode 13.0";
			developmentRegion = en;
			hasScannedForEncodings = 0;
			knownRegions = (
				en,
				Base,
			);
			mainGroup = 4E79C96D28F40FCF00F3017B;
			productRefGroup = 4E79C97728F40FCF00F3017B /* Products */;
			projectDirPath = "";
			projectRoot = "";
			targets = (
				4E79C97528F40FCF00F3017B /* Seknova-Practice */,
				4E79C98B28F40FD200F3017B /* Seknova-PracticeTests */,
				4E79C99528F40FD200F3017B /* Seknova-PracticeUITests */,
			);
		};
/* End PBXProject section */

/* Begin PBXResourcesBuildPhase section */
		4E79C97428F40FCF00F3017B /* Resources */ = {
			isa = PBXResourcesBuildPhase;
			buildActionMask = 2147483647;
			files = (
				4E7CD5542937925900F913F4 /* PairBlueToothViewController.xib in Resources */,
				4E79C98628F40FD100F3017B /* LaunchScreen.storyboard in Resources */,
				4E71FBC7292FAFDB00B75F9B /* AudiovisualTeachingViewController.xib in Resources */,
				4E7F94E1292E2BCC00F28F69 /* PrivacyConsentViewController.xib in Resources */,
				4EFBDA652923AE8300202B2A /* ContrastPopoverViewController.xib in Resources */,
				4E79C98328F40FD100F3017B /* Assets.xcassets in Resources */,
				4E854D7B29026E9B0097D79E /* RegisterViewController.xib in Resources */,
				4E7CD54F2935F7A100F913F4 /* UnderstandMoreViewController.xib in Resources */,
				4E79782C293258F2009AE72E /* TransmitterContentViewController.xib in Resources */,
				4EFBDA75292BA17100202B2A /* ForgotPassword.xib in Resources */,
				4E7F94DD292CD6F000F28F69 /* ResetPasswordViewController.xib in Resources */,
				4E854D80290270DB0097D79E /* LoginViewController.xib in Resources */,
				4E71FBCC2930EF4A00B75F9B /* BloodSugarIndexViewController.xib in Resources */,
				4EFBDA6E292666AA00202B2A /* RecertifictionLeterViewController.xib in Resources */,
				4E71FBC2292FAAAE00B75F9B /* BodyInformationViewController.xib in Resources */,
			);
			runOnlyForDeploymentPostprocessing = 0;
		};
		4E79C98A28F40FD200F3017B /* Resources */ = {
			isa = PBXResourcesBuildPhase;
			buildActionMask = 2147483647;
			files = (
			);
			runOnlyForDeploymentPostprocessing = 0;
		};
		4E79C99428F40FD200F3017B /* Resources */ = {
			isa = PBXResourcesBuildPhase;
			buildActionMask = 2147483647;
			files = (
			);
			runOnlyForDeploymentPostprocessing = 0;
		};
/* End PBXResourcesBuildPhase section */

/* Begin PBXShellScriptBuildPhase section */
		69080E07291D065C70F14E7D /* [CP] Check Pods Manifest.lock */ = {
			isa = PBXShellScriptBuildPhase;
			buildActionMask = 2147483647;
			files = (
			);
			inputFileListPaths = (
			);
			inputPaths = (
				"${PODS_PODFILE_DIR_PATH}/Podfile.lock",
				"${PODS_ROOT}/Manifest.lock",
			);
			name = "[CP] Check Pods Manifest.lock";
			outputFileListPaths = (
			);
			outputPaths = (
				"$(DERIVED_FILE_DIR)/Pods-Seknova-Practice-checkManifestLockResult.txt",
			);
			runOnlyForDeploymentPostprocessing = 0;
			shellPath = /bin/sh;
			shellScript = "diff \"${PODS_PODFILE_DIR_PATH}/Podfile.lock\" \"${PODS_ROOT}/Manifest.lock\" > /dev/null\nif [ $? != 0 ] ; then\n    # print error to STDERR\n    echo \"error: The sandbox is not in sync with the Podfile.lock. Run 'pod install' or update your CocoaPods installation.\" >&2\n    exit 1\nfi\n# This output is used by Xcode 'outputs' to avoid re-running this script phase.\necho \"SUCCESS\" > \"${SCRIPT_OUTPUT_FILE_0}\"\n";
			showEnvVarsInLog = 0;
		};
		6C45B5A0FE79C1E0885348E3 /* [CP] Check Pods Manifest.lock */ = {
			isa = PBXShellScriptBuildPhase;
			buildActionMask = 2147483647;
			files = (
			);
			inputFileListPaths = (
			);
			inputPaths = (
				"${PODS_PODFILE_DIR_PATH}/Podfile.lock",
				"${PODS_ROOT}/Manifest.lock",
			);
			name = "[CP] Check Pods Manifest.lock";
			outputFileListPaths = (
			);
			outputPaths = (
				"$(DERIVED_FILE_DIR)/Pods-Seknova-PracticeTests-checkManifestLockResult.txt",
			);
			runOnlyForDeploymentPostprocessing = 0;
			shellPath = /bin/sh;
			shellScript = "diff \"${PODS_PODFILE_DIR_PATH}/Podfile.lock\" \"${PODS_ROOT}/Manifest.lock\" > /dev/null\nif [ $? != 0 ] ; then\n    # print error to STDERR\n    echo \"error: The sandbox is not in sync with the Podfile.lock. Run 'pod install' or update your CocoaPods installation.\" >&2\n    exit 1\nfi\n# This output is used by Xcode 'outputs' to avoid re-running this script phase.\necho \"SUCCESS\" > \"${SCRIPT_OUTPUT_FILE_0}\"\n";
			showEnvVarsInLog = 0;
		};
		6EC7B69F6303F116CC4FE93D /* [CP] Embed Pods Frameworks */ = {
			isa = PBXShellScriptBuildPhase;
			buildActionMask = 2147483647;
			files = (
			);
			inputFileListPaths = (
				"${PODS_ROOT}/Target Support Files/Pods-Seknova-Practice-Seknova-PracticeUITests/Pods-Seknova-Practice-Seknova-PracticeUITests-frameworks-${CONFIGURATION}-input-files.xcfilelist",
			);
			name = "[CP] Embed Pods Frameworks";
			outputFileListPaths = (
				"${PODS_ROOT}/Target Support Files/Pods-Seknova-Practice-Seknova-PracticeUITests/Pods-Seknova-Practice-Seknova-PracticeUITests-frameworks-${CONFIGURATION}-output-files.xcfilelist",
			);
			runOnlyForDeploymentPostprocessing = 0;
			shellPath = /bin/sh;
			shellScript = "\"${PODS_ROOT}/Target Support Files/Pods-Seknova-Practice-Seknova-PracticeUITests/Pods-Seknova-Practice-Seknova-PracticeUITests-frameworks.sh\"\n";
			showEnvVarsInLog = 0;
		};
		C24776FA0A3BAACEDF276073 /* [CP] Check Pods Manifest.lock */ = {
			isa = PBXShellScriptBuildPhase;
			buildActionMask = 2147483647;
			files = (
			);
			inputFileListPaths = (
			);
			inputPaths = (
				"${PODS_PODFILE_DIR_PATH}/Podfile.lock",
				"${PODS_ROOT}/Manifest.lock",
			);
			name = "[CP] Check Pods Manifest.lock";
			outputFileListPaths = (
			);
			outputPaths = (
				"$(DERIVED_FILE_DIR)/Pods-Seknova-Practice-Seknova-PracticeUITests-checkManifestLockResult.txt",
			);
			runOnlyForDeploymentPostprocessing = 0;
			shellPath = /bin/sh;
			shellScript = "diff \"${PODS_PODFILE_DIR_PATH}/Podfile.lock\" \"${PODS_ROOT}/Manifest.lock\" > /dev/null\nif [ $? != 0 ] ; then\n    # print error to STDERR\n    echo \"error: The sandbox is not in sync with the Podfile.lock. Run 'pod install' or update your CocoaPods installation.\" >&2\n    exit 1\nfi\n# This output is used by Xcode 'outputs' to avoid re-running this script phase.\necho \"SUCCESS\" > \"${SCRIPT_OUTPUT_FILE_0}\"\n";
			showEnvVarsInLog = 0;
		};
		F53A5410464AADA2D3561F1A /* [CP] Embed Pods Frameworks */ = {
			isa = PBXShellScriptBuildPhase;
			buildActionMask = 2147483647;
			files = (
			);
			inputFileListPaths = (
				"${PODS_ROOT}/Target Support Files/Pods-Seknova-Practice/Pods-Seknova-Practice-frameworks-${CONFIGURATION}-input-files.xcfilelist",
			);
			name = "[CP] Embed Pods Frameworks";
			outputFileListPaths = (
				"${PODS_ROOT}/Target Support Files/Pods-Seknova-Practice/Pods-Seknova-Practice-frameworks-${CONFIGURATION}-output-files.xcfilelist",
			);
			runOnlyForDeploymentPostprocessing = 0;
			shellPath = /bin/sh;
			shellScript = "\"${PODS_ROOT}/Target Support Files/Pods-Seknova-Practice/Pods-Seknova-Practice-frameworks.sh\"\n";
			showEnvVarsInLog = 0;
		};
/* End PBXShellScriptBuildPhase section */

/* Begin PBXSourcesBuildPhase section */
		4E79C97228F40FCF00F3017B /* Sources */ = {
			isa = PBXSourcesBuildPhase;
			buildActionMask = 2147483647;
			files = (
				4E2E94E02913B7F900E2533F /* String+Extensions.swift in Sources */,
				4E7CD5532937925900F913F4 /* PairBlueToothViewController.swift in Sources */,
				4E88DB4E290283C9005DCFC9 /* AlphaBackgroundView.swift in Sources */,
				4E9BA6BC29090E1700EA71A5 /* TextField+Extensions.swift in Sources */,
				4E7CD54E2935F7A100F913F4 /* UnderstandMoreViewController.swift in Sources */,
				4EFBDA6D292666AA00202B2A /* RecertifictionLeterViewController.swift in Sources */,
				4E7F94E0292E2BCC00F28F69 /* PrivacyConsentViewController.swift in Sources */,
				4E71FBC1292FAAAE00B75F9B /* BodyInformationViewController.swift in Sources */,
				4E71FBCB2930EF4A00B75F9B /* BloodSugarIndexViewController.swift in Sources */,
				4E79C97A28F40FCF00F3017B /* AppDelegate.swift in Sources */,
				4E79782B293258F2009AE72E /* TransmitterContentViewController.swift in Sources */,
				4E79C97C28F40FCF00F3017B /* SceneDelegate.swift in Sources */,
				4E854D7A29026E9B0097D79E /* RegisterViewController.swift in Sources */,
				4E8303C32907D8EF005DBEA5 /* Color+Extensions.swift in Sources */,
				4E854D7F290270DB0097D79E /* LoginViewController.swift in Sources */,
				4E2E94E32913BDE200E2533F /* Alert.swift in Sources */,
				4EFBDA642923AE8300202B2A /* ContrastPopoverViewController.swift in Sources */,
				4E71FBC6292FAFDB00B75F9B /* AudiovisualTeachingViewController.swift in Sources */,
				4EFBDA74292BA17100202B2A /* ForgotPassword.swift in Sources */,
				4E7F94DC292CD6F000F28F69 /* ResetPasswordViewController.swift in Sources */,
				4EFBDA70292B78E400202B2A /* UserPreference.swift in Sources */,
				4E8303C12907D559005DBEA5 /* BaseViewController.swift in Sources */,
			);
			runOnlyForDeploymentPostprocessing = 0;
		};
		4E79C98828F40FD200F3017B /* Sources */ = {
			isa = PBXSourcesBuildPhase;
			buildActionMask = 2147483647;
			files = (
				4E79C99128F40FD200F3017B /* Seknova_PracticeTests.swift in Sources */,
			);
			runOnlyForDeploymentPostprocessing = 0;
		};
		4E79C99228F40FD200F3017B /* Sources */ = {
			isa = PBXSourcesBuildPhase;
			buildActionMask = 2147483647;
			files = (
				4E79C99B28F40FD200F3017B /* Seknova_PracticeUITests.swift in Sources */,
				4E79C99D28F40FD200F3017B /* Seknova_PracticeUITestsLaunchTests.swift in Sources */,
			);
			runOnlyForDeploymentPostprocessing = 0;
		};
/* End PBXSourcesBuildPhase section */

/* Begin PBXTargetDependency section */
		4E79C98E28F40FD200F3017B /* PBXTargetDependency */ = {
			isa = PBXTargetDependency;
			target = 4E79C97528F40FCF00F3017B /* Seknova-Practice */;
			targetProxy = 4E79C98D28F40FD200F3017B /* PBXContainerItemProxy */;
		};
		4E79C99828F40FD200F3017B /* PBXTargetDependency */ = {
			isa = PBXTargetDependency;
			target = 4E79C97528F40FCF00F3017B /* Seknova-Practice */;
			targetProxy = 4E79C99728F40FD200F3017B /* PBXContainerItemProxy */;
		};
/* End PBXTargetDependency section */

/* Begin PBXVariantGroup section */
		4E79C98428F40FD100F3017B /* LaunchScreen.storyboard */ = {
			isa = PBXVariantGroup;
			children = (
				4E79C98528F40FD100F3017B /* Base */,
			);
			name = LaunchScreen.storyboard;
			sourceTree = "<group>";
		};
/* End PBXVariantGroup section */

/* Begin XCBuildConfiguration section */
		4E79C99E28F40FD200F3017B /* Debug */ = {
			isa = XCBuildConfiguration;
			buildSettings = {
				ALWAYS_SEARCH_USER_PATHS = NO;
				CLANG_ANALYZER_NONNULL = YES;
				CLANG_ANALYZER_NUMBER_OBJECT_CONVERSION = YES_AGGRESSIVE;
				CLANG_CXX_LANGUAGE_STANDARD = "gnu++17";
				CLANG_ENABLE_MODULES = YES;
				CLANG_ENABLE_OBJC_ARC = YES;
				CLANG_ENABLE_OBJC_WEAK = YES;
				CLANG_WARN_BLOCK_CAPTURE_AUTORELEASING = YES;
				CLANG_WARN_BOOL_CONVERSION = YES;
				CLANG_WARN_COMMA = YES;
				CLANG_WARN_CONSTANT_CONVERSION = YES;
				CLANG_WARN_DEPRECATED_OBJC_IMPLEMENTATIONS = YES;
				CLANG_WARN_DIRECT_OBJC_ISA_USAGE = YES_ERROR;
				CLANG_WARN_DOCUMENTATION_COMMENTS = YES;
				CLANG_WARN_EMPTY_BODY = YES;
				CLANG_WARN_ENUM_CONVERSION = YES;
				CLANG_WARN_INFINITE_RECURSION = YES;
				CLANG_WARN_INT_CONVERSION = YES;
				CLANG_WARN_NON_LITERAL_NULL_CONVERSION = YES;
				CLANG_WARN_OBJC_IMPLICIT_RETAIN_SELF = YES;
				CLANG_WARN_OBJC_LITERAL_CONVERSION = YES;
				CLANG_WARN_OBJC_ROOT_CLASS = YES_ERROR;
				CLANG_WARN_QUOTED_INCLUDE_IN_FRAMEWORK_HEADER = YES;
				CLANG_WARN_RANGE_LOOP_ANALYSIS = YES;
				CLANG_WARN_STRICT_PROTOTYPES = YES;
				CLANG_WARN_SUSPICIOUS_MOVE = YES;
				CLANG_WARN_UNGUARDED_AVAILABILITY = YES_AGGRESSIVE;
				CLANG_WARN_UNREACHABLE_CODE = YES;
				CLANG_WARN__DUPLICATE_METHOD_MATCH = YES;
				COPY_PHASE_STRIP = NO;
				DEBUG_INFORMATION_FORMAT = dwarf;
				ENABLE_STRICT_OBJC_MSGSEND = YES;
				ENABLE_TESTABILITY = YES;
				GCC_C_LANGUAGE_STANDARD = gnu11;
				GCC_DYNAMIC_NO_PIC = NO;
				GCC_NO_COMMON_BLOCKS = YES;
				GCC_OPTIMIZATION_LEVEL = 0;
				GCC_PREPROCESSOR_DEFINITIONS = (
					"DEBUG=1",
					"$(inherited)",
				);
				GCC_WARN_64_TO_32_BIT_CONVERSION = YES;
				GCC_WARN_ABOUT_RETURN_TYPE = YES_ERROR;
				GCC_WARN_UNDECLARED_SELECTOR = YES;
				GCC_WARN_UNINITIALIZED_AUTOS = YES_AGGRESSIVE;
				GCC_WARN_UNUSED_FUNCTION = YES;
				GCC_WARN_UNUSED_VARIABLE = YES;
				IPHONEOS_DEPLOYMENT_TARGET = 15.5;
				MTL_ENABLE_DEBUG_INFO = INCLUDE_SOURCE;
				MTL_FAST_MATH = YES;
				ONLY_ACTIVE_ARCH = YES;
				SDKROOT = iphoneos;
				SWIFT_ACTIVE_COMPILATION_CONDITIONS = DEBUG;
				SWIFT_OPTIMIZATION_LEVEL = "-Onone";
			};
			name = Debug;
		};
		4E79C99F28F40FD200F3017B /* Release */ = {
			isa = XCBuildConfiguration;
			buildSettings = {
				ALWAYS_SEARCH_USER_PATHS = NO;
				CLANG_ANALYZER_NONNULL = YES;
				CLANG_ANALYZER_NUMBER_OBJECT_CONVERSION = YES_AGGRESSIVE;
				CLANG_CXX_LANGUAGE_STANDARD = "gnu++17";
				CLANG_ENABLE_MODULES = YES;
				CLANG_ENABLE_OBJC_ARC = YES;
				CLANG_ENABLE_OBJC_WEAK = YES;
				CLANG_WARN_BLOCK_CAPTURE_AUTORELEASING = YES;
				CLANG_WARN_BOOL_CONVERSION = YES;
				CLANG_WARN_COMMA = YES;
				CLANG_WARN_CONSTANT_CONVERSION = YES;
				CLANG_WARN_DEPRECATED_OBJC_IMPLEMENTATIONS = YES;
				CLANG_WARN_DIRECT_OBJC_ISA_USAGE = YES_ERROR;
				CLANG_WARN_DOCUMENTATION_COMMENTS = YES;
				CLANG_WARN_EMPTY_BODY = YES;
				CLANG_WARN_ENUM_CONVERSION = YES;
				CLANG_WARN_INFINITE_RECURSION = YES;
				CLANG_WARN_INT_CONVERSION = YES;
				CLANG_WARN_NON_LITERAL_NULL_CONVERSION = YES;
				CLANG_WARN_OBJC_IMPLICIT_RETAIN_SELF = YES;
				CLANG_WARN_OBJC_LITERAL_CONVERSION = YES;
				CLANG_WARN_OBJC_ROOT_CLASS = YES_ERROR;
				CLANG_WARN_QUOTED_INCLUDE_IN_FRAMEWORK_HEADER = YES;
				CLANG_WARN_RANGE_LOOP_ANALYSIS = YES;
				CLANG_WARN_STRICT_PROTOTYPES = YES;
				CLANG_WARN_SUSPICIOUS_MOVE = YES;
				CLANG_WARN_UNGUARDED_AVAILABILITY = YES_AGGRESSIVE;
				CLANG_WARN_UNREACHABLE_CODE = YES;
				CLANG_WARN__DUPLICATE_METHOD_MATCH = YES;
				COPY_PHASE_STRIP = NO;
				DEBUG_INFORMATION_FORMAT = "dwarf-with-dsym";
				ENABLE_NS_ASSERTIONS = NO;
				ENABLE_STRICT_OBJC_MSGSEND = YES;
				GCC_C_LANGUAGE_STANDARD = gnu11;
				GCC_NO_COMMON_BLOCKS = YES;
				GCC_WARN_64_TO_32_BIT_CONVERSION = YES;
				GCC_WARN_ABOUT_RETURN_TYPE = YES_ERROR;
				GCC_WARN_UNDECLARED_SELECTOR = YES;
				GCC_WARN_UNINITIALIZED_AUTOS = YES_AGGRESSIVE;
				GCC_WARN_UNUSED_FUNCTION = YES;
				GCC_WARN_UNUSED_VARIABLE = YES;
				IPHONEOS_DEPLOYMENT_TARGET = 15.5;
				MTL_ENABLE_DEBUG_INFO = NO;
				MTL_FAST_MATH = YES;
				SDKROOT = iphoneos;
				SWIFT_COMPILATION_MODE = wholemodule;
				SWIFT_OPTIMIZATION_LEVEL = "-O";
				VALIDATE_PRODUCT = YES;
			};
			name = Release;
		};
		4E79C9A128F40FD200F3017B /* Debug */ = {
			isa = XCBuildConfiguration;
			baseConfigurationReference = 73B98C0961C0E0B99FCF814F /* Pods-Seknova-Practice.debug.xcconfig */;
			buildSettings = {
				ASSETCATALOG_COMPILER_APPICON_NAME = AppIcon;
				ASSETCATALOG_COMPILER_GLOBAL_ACCENT_COLOR_NAME = AccentColor;
				CODE_SIGN_STYLE = Automatic;
				CURRENT_PROJECT_VERSION = 1;
				DEVELOPMENT_TEAM = S8FBP4YLUA;
				GENERATE_INFOPLIST_FILE = YES;
				INFOPLIST_FILE = "Seknova-Practice/Info.plist";
				INFOPLIST_KEY_UIApplicationSupportsIndirectInputEvents = YES;
				INFOPLIST_KEY_UILaunchStoryboardName = MainViewController.xib;
				INFOPLIST_KEY_UIMainStoryboardFile = "";
				INFOPLIST_KEY_UISupportedInterfaceOrientations_iPad = "UIInterfaceOrientationPortrait UIInterfaceOrientationPortraitUpsideDown UIInterfaceOrientationLandscapeLeft UIInterfaceOrientationLandscapeRight";
				INFOPLIST_KEY_UISupportedInterfaceOrientations_iPhone = "UIInterfaceOrientationPortrait UIInterfaceOrientationLandscapeLeft UIInterfaceOrientationLandscapeRight";
				IPHONEOS_DEPLOYMENT_TARGET = 15.0;
				LD_RUNPATH_SEARCH_PATHS = (
					"$(inherited)",
					"@executable_path/Frameworks",
				);
				MARKETING_VERSION = 1.0;
				PRODUCT_BUNDLE_IDENTIFIER = "com.gary.Seknova-Practice";
				PRODUCT_NAME = "$(TARGET_NAME)";
				SWIFT_EMIT_LOC_STRINGS = YES;
				SWIFT_VERSION = 5.0;
				TARGETED_DEVICE_FAMILY = "1,2";
			};
			name = Debug;
		};
		4E79C9A228F40FD200F3017B /* Release */ = {
			isa = XCBuildConfiguration;
			baseConfigurationReference = E6ADCFB13685BA29F0ED7763 /* Pods-Seknova-Practice.release.xcconfig */;
			buildSettings = {
				ASSETCATALOG_COMPILER_APPICON_NAME = AppIcon;
				ASSETCATALOG_COMPILER_GLOBAL_ACCENT_COLOR_NAME = AccentColor;
				CODE_SIGN_STYLE = Automatic;
				CURRENT_PROJECT_VERSION = 1;
				DEVELOPMENT_TEAM = S8FBP4YLUA;
				GENERATE_INFOPLIST_FILE = YES;
				INFOPLIST_FILE = "Seknova-Practice/Info.plist";
				INFOPLIST_KEY_UIApplicationSupportsIndirectInputEvents = YES;
				INFOPLIST_KEY_UILaunchStoryboardName = MainViewController.xib;
				INFOPLIST_KEY_UIMainStoryboardFile = "";
				INFOPLIST_KEY_UISupportedInterfaceOrientations_iPad = "UIInterfaceOrientationPortrait UIInterfaceOrientationPortraitUpsideDown UIInterfaceOrientationLandscapeLeft UIInterfaceOrientationLandscapeRight";
				INFOPLIST_KEY_UISupportedInterfaceOrientations_iPhone = "UIInterfaceOrientationPortrait UIInterfaceOrientationLandscapeLeft UIInterfaceOrientationLandscapeRight";
				IPHONEOS_DEPLOYMENT_TARGET = 15.0;
				LD_RUNPATH_SEARCH_PATHS = (
					"$(inherited)",
					"@executable_path/Frameworks",
				);
				MARKETING_VERSION = 1.0;
				PRODUCT_BUNDLE_IDENTIFIER = "com.gary.Seknova-Practice";
				PRODUCT_NAME = "$(TARGET_NAME)";
				SWIFT_EMIT_LOC_STRINGS = YES;
				SWIFT_VERSION = 5.0;
				TARGETED_DEVICE_FAMILY = "1,2";
			};
			name = Release;
		};
		4E79C9A428F40FD200F3017B /* Debug */ = {
			isa = XCBuildConfiguration;
			baseConfigurationReference = 66AB2B0F508E9F55A2DC51EB /* Pods-Seknova-PracticeTests.debug.xcconfig */;
			buildSettings = {
				ALWAYS_EMBED_SWIFT_STANDARD_LIBRARIES = YES;
				BUNDLE_LOADER = "$(TEST_HOST)";
				CODE_SIGN_STYLE = Automatic;
				CURRENT_PROJECT_VERSION = 1;
				GENERATE_INFOPLIST_FILE = YES;
				IPHONEOS_DEPLOYMENT_TARGET = 15.5;
				MARKETING_VERSION = 1.0;
				PRODUCT_BUNDLE_IDENTIFIER = "com.gary.Seknova-PracticeTests";
				PRODUCT_NAME = "$(TARGET_NAME)";
				SWIFT_EMIT_LOC_STRINGS = NO;
				SWIFT_VERSION = 5.0;
				TARGETED_DEVICE_FAMILY = "1,2";
				TEST_HOST = "$(BUILT_PRODUCTS_DIR)/Seknova-Practice.app/Seknova-Practice";
			};
			name = Debug;
		};
		4E79C9A528F40FD200F3017B /* Release */ = {
			isa = XCBuildConfiguration;
			baseConfigurationReference = 74C6295ABF655AAD775AA0A3 /* Pods-Seknova-PracticeTests.release.xcconfig */;
			buildSettings = {
				ALWAYS_EMBED_SWIFT_STANDARD_LIBRARIES = YES;
				BUNDLE_LOADER = "$(TEST_HOST)";
				CODE_SIGN_STYLE = Automatic;
				CURRENT_PROJECT_VERSION = 1;
				GENERATE_INFOPLIST_FILE = YES;
				IPHONEOS_DEPLOYMENT_TARGET = 15.5;
				MARKETING_VERSION = 1.0;
				PRODUCT_BUNDLE_IDENTIFIER = "com.gary.Seknova-PracticeTests";
				PRODUCT_NAME = "$(TARGET_NAME)";
				SWIFT_EMIT_LOC_STRINGS = NO;
				SWIFT_VERSION = 5.0;
				TARGETED_DEVICE_FAMILY = "1,2";
				TEST_HOST = "$(BUILT_PRODUCTS_DIR)/Seknova-Practice.app/Seknova-Practice";
			};
			name = Release;
		};
		4E79C9A728F40FD200F3017B /* Debug */ = {
			isa = XCBuildConfiguration;
			baseConfigurationReference = D50C8B306315FD57732FB8CA /* Pods-Seknova-Practice-Seknova-PracticeUITests.debug.xcconfig */;
			buildSettings = {
				ALWAYS_EMBED_SWIFT_STANDARD_LIBRARIES = YES;
				CODE_SIGN_STYLE = Automatic;
				CURRENT_PROJECT_VERSION = 1;
				GENERATE_INFOPLIST_FILE = YES;
				MARKETING_VERSION = 1.0;
				PRODUCT_BUNDLE_IDENTIFIER = "com.gary.Seknova-PracticeUITests";
				PRODUCT_NAME = "$(TARGET_NAME)";
				SWIFT_EMIT_LOC_STRINGS = NO;
				SWIFT_VERSION = 5.0;
				TARGETED_DEVICE_FAMILY = "1,2";
				TEST_TARGET_NAME = "Seknova-Practice";
			};
			name = Debug;
		};
		4E79C9A828F40FD200F3017B /* Release */ = {
			isa = XCBuildConfiguration;
			baseConfigurationReference = 0F46DE910FEBAD4F4DB2D4E6 /* Pods-Seknova-Practice-Seknova-PracticeUITests.release.xcconfig */;
			buildSettings = {
				ALWAYS_EMBED_SWIFT_STANDARD_LIBRARIES = YES;
				CODE_SIGN_STYLE = Automatic;
				CURRENT_PROJECT_VERSION = 1;
				GENERATE_INFOPLIST_FILE = YES;
				MARKETING_VERSION = 1.0;
				PRODUCT_BUNDLE_IDENTIFIER = "com.gary.Seknova-PracticeUITests";
				PRODUCT_NAME = "$(TARGET_NAME)";
				SWIFT_EMIT_LOC_STRINGS = NO;
				SWIFT_VERSION = 5.0;
				TARGETED_DEVICE_FAMILY = "1,2";
				TEST_TARGET_NAME = "Seknova-Practice";
			};
			name = Release;
		};
/* End XCBuildConfiguration section */

/* Begin XCConfigurationList section */
		4E79C97128F40FCF00F3017B /* Build configuration list for PBXProject "Seknova-Practice" */ = {
			isa = XCConfigurationList;
			buildConfigurations = (
				4E79C99E28F40FD200F3017B /* Debug */,
				4E79C99F28F40FD200F3017B /* Release */,
			);
			defaultConfigurationIsVisible = 0;
			defaultConfigurationName = Release;
		};
		4E79C9A028F40FD200F3017B /* Build configuration list for PBXNativeTarget "Seknova-Practice" */ = {
			isa = XCConfigurationList;
			buildConfigurations = (
				4E79C9A128F40FD200F3017B /* Debug */,
				4E79C9A228F40FD200F3017B /* Release */,
			);
			defaultConfigurationIsVisible = 0;
			defaultConfigurationName = Release;
		};
		4E79C9A328F40FD200F3017B /* Build configuration list for PBXNativeTarget "Seknova-PracticeTests" */ = {
			isa = XCConfigurationList;
			buildConfigurations = (
				4E79C9A428F40FD200F3017B /* Debug */,
				4E79C9A528F40FD200F3017B /* Release */,
			);
			defaultConfigurationIsVisible = 0;
			defaultConfigurationName = Release;
		};
		4E79C9A628F40FD200F3017B /* Build configuration list for PBXNativeTarget "Seknova-PracticeUITests" */ = {
			isa = XCConfigurationList;
			buildConfigurations = (
				4E79C9A728F40FD200F3017B /* Debug */,
				4E79C9A828F40FD200F3017B /* Release */,
			);
			defaultConfigurationIsVisible = 0;
			defaultConfigurationName = Release;
		};
/* End XCConfigurationList section */
	};
	rootObject = 4E79C96E28F40FCF00F3017B /* Project object */;
}
