// !$*UTF8*$!
{
	archiveVersion = 1;
	classes = {
	};
	objectVersion = 55;
	objects = {

/* Begin PBXBuildFile section */
		3374733282785F6644403987 /* Pods_Seknova_Practice_Seknova_PracticeUITests.framework in Frameworks */ = {isa = PBXBuildFile; fileRef = 5E53C86D42EB499112CB44D2 /* Pods_Seknova_Practice_Seknova_PracticeUITests.framework */; };
		4E08602529484F5600170A60 /* ActivityIndicatorView.swift in Sources */ = {isa = PBXBuildFile; fileRef = 4E08602429484F5600170A60 /* ActivityIndicatorView.swift */; };
		4E086027294862EB00170A60 /* UserInformationTable.swift in Sources */ = {isa = PBXBuildFile; fileRef = 4E086026294862EB00170A60 /* UserInformationTable.swift */; };
		4E08602929488F8A00170A60 /* RecordsTable.swift in Sources */ = {isa = PBXBuildFile; fileRef = 4E08602829488F8A00170A60 /* RecordsTable.swift */; };
		4E08602B2948966800170A60 /* EventDataTable.swift in Sources */ = {isa = PBXBuildFile; fileRef = 4E08602A2948966800170A60 /* EventDataTable.swift */; };
		4E08602E294899E700170A60 /* ImageButtonView.swift in Sources */ = {isa = PBXBuildFile; fileRef = 4E08602C294899E700170A60 /* ImageButtonView.swift */; };
		4E08602F294899E700170A60 /* ImageButtonView.xib in Resources */ = {isa = PBXBuildFile; fileRef = 4E08602D294899E700170A60 /* ImageButtonView.xib */; };
		4E0860332948AA2400170A60 /* CustomTabBarView.swift in Sources */ = {isa = PBXBuildFile; fileRef = 4E0860312948AA2300170A60 /* CustomTabBarView.swift */; };
		4E0860342948AA2400170A60 /* CustomTabBarView.xib in Resources */ = {isa = PBXBuildFile; fileRef = 4E0860322948AA2400170A60 /* CustomTabBarView.xib */; };
		4E0860372949A40700170A60 /* MainViewController.swift in Sources */ = {isa = PBXBuildFile; fileRef = 4E0860352949A40700170A60 /* MainViewController.swift */; };
		4E0860382949A40700170A60 /* MainViewController.xib in Resources */ = {isa = PBXBuildFile; fileRef = 4E0860362949A40700170A60 /* MainViewController.xib */; };
		4E11253E293A324C00D3BD55 /* HistoryViewController.swift in Sources */ = {isa = PBXBuildFile; fileRef = 4E11253C293A324C00D3BD55 /* HistoryViewController.swift */; };
		4E11253F293A324C00D3BD55 /* HistoryViewController.xib in Resources */ = {isa = PBXBuildFile; fileRef = 4E11253D293A324C00D3BD55 /* HistoryViewController.xib */; };
		4E112546293A33C800D3BD55 /* BloodSugarCorrectionViewController.swift in Sources */ = {isa = PBXBuildFile; fileRef = 4E112544293A33C800D3BD55 /* BloodSugarCorrectionViewController.swift */; };
		4E112547293A33C800D3BD55 /* BloodSugarCorrectionViewController.xib in Resources */ = {isa = PBXBuildFile; fileRef = 4E112545293A33C800D3BD55 /* BloodSugarCorrectionViewController.xib */; };
		4E11254A293A33EA00D3BD55 /* InstanceBloodSugarViewController.swift in Sources */ = {isa = PBXBuildFile; fileRef = 4E112548293A33EA00D3BD55 /* InstanceBloodSugarViewController.swift */; };
		4E11254B293A33EA00D3BD55 /* InstanceBloodSugarViewController.xib in Resources */ = {isa = PBXBuildFile; fileRef = 4E112549293A33EA00D3BD55 /* InstanceBloodSugarViewController.xib */; };
		4E11254E293A33FF00D3BD55 /* LifeStyleViewController.swift in Sources */ = {isa = PBXBuildFile; fileRef = 4E11254C293A33FF00D3BD55 /* LifeStyleViewController.swift */; };
		4E11254F293A33FF00D3BD55 /* LifeStyleViewController.xib in Resources */ = {isa = PBXBuildFile; fileRef = 4E11254D293A33FF00D3BD55 /* LifeStyleViewController.xib */; };
		4E112552293A341E00D3BD55 /* PersionalInformationViewController.swift in Sources */ = {isa = PBXBuildFile; fileRef = 4E112550293A341E00D3BD55 /* PersionalInformationViewController.swift */; };
		4E112553293A341E00D3BD55 /* PersionalInformationViewController.xib in Resources */ = {isa = PBXBuildFile; fileRef = 4E112551293A341E00D3BD55 /* PersionalInformationViewController.xib */; };
		4E1DB0B7298CBF4200CA1C8C /* SettingAlertViewController.swift in Sources */ = {isa = PBXBuildFile; fileRef = 4E1DB0B5298CBF4200CA1C8C /* SettingAlertViewController.swift */; };
		4E1DB0B8298CBF4200CA1C8C /* SettingAlertViewController.xib in Resources */ = {isa = PBXBuildFile; fileRef = 4E1DB0B6298CBF4200CA1C8C /* SettingAlertViewController.xib */; };
		4E1DB0BB298CC38000CA1C8C /* SettingAlertTableViewCell.swift in Sources */ = {isa = PBXBuildFile; fileRef = 4E1DB0B9298CC38000CA1C8C /* SettingAlertTableViewCell.swift */; };
		4E1DB0BC298CC38000CA1C8C /* SettingAlertTableViewCell.xib in Resources */ = {isa = PBXBuildFile; fileRef = 4E1DB0BA298CC38000CA1C8C /* SettingAlertTableViewCell.xib */; };
		4E2160F72939D5A80021553C /* ConnectViewController.swift in Sources */ = {isa = PBXBuildFile; fileRef = 4E2160F52939D5A80021553C /* ConnectViewController.swift */; };
		4E2160F82939D5A80021553C /* ConnectViewController.xib in Resources */ = {isa = PBXBuildFile; fileRef = 4E2160F62939D5A80021553C /* ConnectViewController.xib */; };
		4E2E94E02913B7F900E2533F /* String+Extensions.swift in Sources */ = {isa = PBXBuildFile; fileRef = 4E2E94DF2913B7F900E2533F /* String+Extensions.swift */; };
		4E2E94E32913BDE200E2533F /* Alert.swift in Sources */ = {isa = PBXBuildFile; fileRef = 4E2E94E22913BDE200E2533F /* Alert.swift */; };
		4E2EE826293DF856005F9DDD /* BodyInformationTableViewCell.swift in Sources */ = {isa = PBXBuildFile; fileRef = 4E2EE824293DF856005F9DDD /* BodyInformationTableViewCell.swift */; };
		4E2EE827293DF856005F9DDD /* BodyInformationTableViewCell.xib in Resources */ = {isa = PBXBuildFile; fileRef = 4E2EE825293DF856005F9DDD /* BodyInformationTableViewCell.xib */; };
		4E2EE829293F7E01005F9DDD /* AppDefine.swift in Sources */ = {isa = PBXBuildFile; fileRef = 4E2EE828293F7E01005F9DDD /* AppDefine.swift */; };
		4E2EE82C29406650005F9DDD /* BodyInformationArrowTableViewCell.swift in Sources */ = {isa = PBXBuildFile; fileRef = 4E2EE82A29406650005F9DDD /* BodyInformationArrowTableViewCell.swift */; };
		4E2EE82D29406650005F9DDD /* BodyInformationArrowTableViewCell.xib in Resources */ = {isa = PBXBuildFile; fileRef = 4E2EE82B29406650005F9DDD /* BodyInformationArrowTableViewCell.xib */; };
		4E2EE82F29435621005F9DDD /* LocalDatabase.swift in Sources */ = {isa = PBXBuildFile; fileRef = 4E2EE82E29435621005F9DDD /* LocalDatabase.swift */; };
		4E48CAAF295491C500CC9855 /* ChartXAxisFormatter.swift in Sources */ = {isa = PBXBuildFile; fileRef = 4E48CAAE295491C500CC9855 /* ChartXAxisFormatter.swift */; };
		4E48CAB62958771E00CC9855 /* ConnectPopoverViewController.swift in Sources */ = {isa = PBXBuildFile; fileRef = 4E48CAB42958771E00CC9855 /* ConnectPopoverViewController.swift */; };
		4E48CAB72958771E00CC9855 /* ConnectPopoverViewController.xib in Resources */ = {isa = PBXBuildFile; fileRef = 4E48CAB52958771E00CC9855 /* ConnectPopoverViewController.xib */; };
		4E71FBC1292FAAAE00B75F9B /* BodyInformationViewController.swift in Sources */ = {isa = PBXBuildFile; fileRef = 4E71FBBF292FAAAE00B75F9B /* BodyInformationViewController.swift */; };
		4E71FBC2292FAAAE00B75F9B /* BodyInformationViewController.xib in Resources */ = {isa = PBXBuildFile; fileRef = 4E71FBC0292FAAAE00B75F9B /* BodyInformationViewController.xib */; };
		4E71FBC6292FAFDB00B75F9B /* AudiovisualTeachingViewController.swift in Sources */ = {isa = PBXBuildFile; fileRef = 4E71FBC4292FAFDB00B75F9B /* AudiovisualTeachingViewController.swift */; };
		4E71FBC7292FAFDB00B75F9B /* AudiovisualTeachingViewController.xib in Resources */ = {isa = PBXBuildFile; fileRef = 4E71FBC5292FAFDB00B75F9B /* AudiovisualTeachingViewController.xib */; };
		4E71FBCB2930EF4A00B75F9B /* BloodSugarIndexViewController.swift in Sources */ = {isa = PBXBuildFile; fileRef = 4E71FBC92930EF4A00B75F9B /* BloodSugarIndexViewController.swift */; };
		4E71FBCC2930EF4A00B75F9B /* BloodSugarIndexViewController.xib in Resources */ = {isa = PBXBuildFile; fileRef = 4E71FBCA2930EF4A00B75F9B /* BloodSugarIndexViewController.xib */; };
		4E79782B293258F2009AE72E /* TransmitterContentViewController.swift in Sources */ = {isa = PBXBuildFile; fileRef = 4E797829293258F2009AE72E /* TransmitterContentViewController.swift */; };
		4E79782C293258F2009AE72E /* TransmitterContentViewController.xib in Resources */ = {isa = PBXBuildFile; fileRef = 4E79782A293258F2009AE72E /* TransmitterContentViewController.xib */; };
		4E79C97A28F40FCF00F3017B /* AppDelegate.swift in Sources */ = {isa = PBXBuildFile; fileRef = 4E79C97928F40FCF00F3017B /* AppDelegate.swift */; };
		4E79C97C28F40FCF00F3017B /* SceneDelegate.swift in Sources */ = {isa = PBXBuildFile; fileRef = 4E79C97B28F40FCF00F3017B /* SceneDelegate.swift */; };
		4E79C98328F40FD100F3017B /* Assets.xcassets in Resources */ = {isa = PBXBuildFile; fileRef = 4E79C98228F40FD100F3017B /* Assets.xcassets */; };
		4E79C98628F40FD100F3017B /* LaunchScreen.storyboard in Resources */ = {isa = PBXBuildFile; fileRef = 4E79C98428F40FD100F3017B /* LaunchScreen.storyboard */; };
		4E79C99128F40FD200F3017B /* Seknova_PracticeTests.swift in Sources */ = {isa = PBXBuildFile; fileRef = 4E79C99028F40FD200F3017B /* Seknova_PracticeTests.swift */; };
		4E79C99B28F40FD200F3017B /* Seknova_PracticeUITests.swift in Sources */ = {isa = PBXBuildFile; fileRef = 4E79C99A28F40FD200F3017B /* Seknova_PracticeUITests.swift */; };
		4E79C99D28F40FD200F3017B /* Seknova_PracticeUITestsLaunchTests.swift in Sources */ = {isa = PBXBuildFile; fileRef = 4E79C99C28F40FD200F3017B /* Seknova_PracticeUITestsLaunchTests.swift */; };
		4E7CD54E2935F7A100F913F4 /* UnderstandMoreViewController.swift in Sources */ = {isa = PBXBuildFile; fileRef = 4E7CD54C2935F7A100F913F4 /* UnderstandMoreViewController.swift */; };
		4E7CD54F2935F7A100F913F4 /* UnderstandMoreViewController.xib in Resources */ = {isa = PBXBuildFile; fileRef = 4E7CD54D2935F7A100F913F4 /* UnderstandMoreViewController.xib */; };
		4E7CD5532937925900F913F4 /* PairBlueToothViewController.swift in Sources */ = {isa = PBXBuildFile; fileRef = 4E7CD5512937925900F913F4 /* PairBlueToothViewController.swift */; };
		4E7CD5542937925900F913F4 /* PairBlueToothViewController.xib in Resources */ = {isa = PBXBuildFile; fileRef = 4E7CD5522937925900F913F4 /* PairBlueToothViewController.xib */; };
		4E7F94DC292CD6F000F28F69 /* ResetPasswordViewController.swift in Sources */ = {isa = PBXBuildFile; fileRef = 4E7F94DA292CD6F000F28F69 /* ResetPasswordViewController.swift */; };
		4E7F94DD292CD6F000F28F69 /* ResetPasswordViewController.xib in Resources */ = {isa = PBXBuildFile; fileRef = 4E7F94DB292CD6F000F28F69 /* ResetPasswordViewController.xib */; };
		4E8303C12907D559005DBEA5 /* BaseViewController.swift in Sources */ = {isa = PBXBuildFile; fileRef = 4E8303C02907D559005DBEA5 /* BaseViewController.swift */; };
		4E8303C32907D8EF005DBEA5 /* Color+Extensions.swift in Sources */ = {isa = PBXBuildFile; fileRef = 4E8303C22907D8EF005DBEA5 /* Color+Extensions.swift */; };
		4E854D7A29026E9B0097D79E /* RegisterViewController.swift in Sources */ = {isa = PBXBuildFile; fileRef = 4E854D7829026E9B0097D79E /* RegisterViewController.swift */; };
		4E854D7B29026E9B0097D79E /* RegisterViewController.xib in Resources */ = {isa = PBXBuildFile; fileRef = 4E854D7929026E9B0097D79E /* RegisterViewController.xib */; };
		4E854D7F290270DB0097D79E /* LoginViewController.swift in Sources */ = {isa = PBXBuildFile; fileRef = 4E854D7D290270DA0097D79E /* LoginViewController.swift */; };
		4E854D80290270DB0097D79E /* LoginViewController.xib in Resources */ = {isa = PBXBuildFile; fileRef = 4E854D7E290270DB0097D79E /* LoginViewController.xib */; };
		4E8669A7298B7C7300A38D1A /* SettingViewController.swift in Sources */ = {isa = PBXBuildFile; fileRef = 4E8669A5298B7C7300A38D1A /* SettingViewController.swift */; };
		4E8669A8298B7C7300A38D1A /* SettingViewController.xib in Resources */ = {isa = PBXBuildFile; fileRef = 4E8669A6298B7C7300A38D1A /* SettingViewController.xib */; };
		4E8669AB298B8EB200A38D1A /* TextTableViewCell.swift in Sources */ = {isa = PBXBuildFile; fileRef = 4E8669A9298B8EB200A38D1A /* TextTableViewCell.swift */; };
		4E8669AC298B8EB200A38D1A /* TextTableViewCell.xib in Resources */ = {isa = PBXBuildFile; fileRef = 4E8669AA298B8EB200A38D1A /* TextTableViewCell.xib */; };
		4E8669AF298BA29E00A38D1A /* SwitchTableViewCell.swift in Sources */ = {isa = PBXBuildFile; fileRef = 4E8669AD298BA29E00A38D1A /* SwitchTableViewCell.swift */; };
		4E8669B0298BA29E00A38D1A /* SwitchTableViewCell.xib in Resources */ = {isa = PBXBuildFile; fileRef = 4E8669AE298BA29E00A38D1A /* SwitchTableViewCell.xib */; };
		4E8669B3298BB01500A38D1A /* RightArrowTableViewCell.swift in Sources */ = {isa = PBXBuildFile; fileRef = 4E8669B1298BB01500A38D1A /* RightArrowTableViewCell.swift */; };
		4E8669B4298BB01500A38D1A /* RightArrowTableViewCell.xib in Resources */ = {isa = PBXBuildFile; fileRef = 4E8669B2298BB01500A38D1A /* RightArrowTableViewCell.xib */; };
		4E8669B7298BD5E500A38D1A /* ReloadTableViewCell.swift in Sources */ = {isa = PBXBuildFile; fileRef = 4E8669B5298BD5E500A38D1A /* ReloadTableViewCell.swift */; };
		4E8669B8298BD5E500A38D1A /* ReloadTableViewCell.xib in Resources */ = {isa = PBXBuildFile; fileRef = 4E8669B6298BD5E500A38D1A /* ReloadTableViewCell.xib */; };
		4E88DB4E290283C9005DCFC9 /* AlphaBackgroundView.swift in Sources */ = {isa = PBXBuildFile; fileRef = 4E88DB4D290283C9005DCFC9 /* AlphaBackgroundView.swift */; };
		4E9BA6BC29090E1700EA71A5 /* TextField+Extensions.swift in Sources */ = {isa = PBXBuildFile; fileRef = 4E9BA6BB29090E1700EA71A5 /* TextField+Extensions.swift */; };
		4EA0FA2A297522AF00D135B5 /* BatteryIcon.swift in Sources */ = {isa = PBXBuildFile; fileRef = 4EA0FA29297522AF00D135B5 /* BatteryIcon.swift */; };
		4EA0FA2C2975231300D135B5 /* BatteryIcon.xib in Resources */ = {isa = PBXBuildFile; fileRef = 4EA0FA2B2975231300D135B5 /* BatteryIcon.xib */; };
		4EA0FA2E297525BD00D135B5 /* UIViewToUIImage.swift in Sources */ = {isa = PBXBuildFile; fileRef = 4EA0FA2D297525BD00D135B5 /* UIViewToUIImage.swift */; };
		4EA0FA3129768FCF00D135B5 /* PersionalInformationTableViewCell.swift in Sources */ = {isa = PBXBuildFile; fileRef = 4EA0FA2F29768FCF00D135B5 /* PersionalInformationTableViewCell.swift */; };
		4EA0FA3229768FCF00D135B5 /* PersionalInformationTableViewCell.xib in Resources */ = {isa = PBXBuildFile; fileRef = 4EA0FA3029768FCF00D135B5 /* PersionalInformationTableViewCell.xib */; };
		4EA0FA3529768FEB00D135B5 /* LogOutTableViewCell.swift in Sources */ = {isa = PBXBuildFile; fileRef = 4EA0FA3329768FEB00D135B5 /* LogOutTableViewCell.swift */; };
		4EA0FA3629768FEB00D135B5 /* LogOutTableViewCell.xib in Resources */ = {isa = PBXBuildFile; fileRef = 4EA0FA3429768FEB00D135B5 /* LogOutTableViewCell.xib */; };
		4EA71BD72939F282000A1A4C /* ScanningSensorViewController.swift in Sources */ = {isa = PBXBuildFile; fileRef = 4EA71BD52939F282000A1A4C /* ScanningSensorViewController.swift */; };
		4EA71BD82939F282000A1A4C /* ScanningSensorViewController.xib in Resources */ = {isa = PBXBuildFile; fileRef = 4EA71BD62939F282000A1A4C /* ScanningSensorViewController.xib */; };
		4EB1D6FC2958B57900ABA352 /* BloodSugarUnderstandMoreViewController.swift in Sources */ = {isa = PBXBuildFile; fileRef = 4EB1D6FA2958B57900ABA352 /* BloodSugarUnderstandMoreViewController.swift */; };
		4EB1D6FD2958B57900ABA352 /* BloodSugarUnderstandMoreViewController.xib in Resources */ = {isa = PBXBuildFile; fileRef = 4EB1D6FB2958B57900ABA352 /* BloodSugarUnderstandMoreViewController.xib */; };
		4EB1D7002958B82900ABA352 /* BloodSugarConfirmViewController.swift in Sources */ = {isa = PBXBuildFile; fileRef = 4EB1D6FE2958B82900ABA352 /* BloodSugarConfirmViewController.swift */; };
		4EB1D7012958B82900ABA352 /* BloodSugarConfirmViewController.xib in Resources */ = {isa = PBXBuildFile; fileRef = 4EB1D6FF2958B82900ABA352 /* BloodSugarConfirmViewController.xib */; };
		4EB1D705295C767600ABA352 /* BarButtonItem+Extensions.swift in Sources */ = {isa = PBXBuildFile; fileRef = 4EB1D704295C767600ABA352 /* BarButtonItem+Extensions.swift */; };
		4EB1D707295ED91F00ABA352 /* NSNotification+Extensions.swift in Sources */ = {isa = PBXBuildFile; fileRef = 4EB1D706295ED91F00ABA352 /* NSNotification+Extensions.swift */; };
		4EB1D70A295EDC9F00ABA352 /* TransmitterTimeAndSensorBatteryPopover.swift in Sources */ = {isa = PBXBuildFile; fileRef = 4EB1D708295EDC9F00ABA352 /* TransmitterTimeAndSensorBatteryPopover.swift */; };
		4EB1D70B295EDC9F00ABA352 /* TransmitterTimeAndSensorBatteryPopover.xib in Resources */ = {isa = PBXBuildFile; fileRef = 4EB1D709295EDC9F00ABA352 /* TransmitterTimeAndSensorBatteryPopover.xib */; };
		4EB1D70D295EF70D00ABA352 /* CommandBase.swift in Sources */ = {isa = PBXBuildFile; fileRef = 4EB1D70C295EF70D00ABA352 /* CommandBase.swift */; };
		4EB468992986B03800820F92 /* AccountSectionTableViewCell.swift in Sources */ = {isa = PBXBuildFile; fileRef = 4EB468972986B03800820F92 /* AccountSectionTableViewCell.swift */; };
		4EB4689A2986B03800820F92 /* AccountSectionTableViewCell.xib in Resources */ = {isa = PBXBuildFile; fileRef = 4EB468982986B03800820F92 /* AccountSectionTableViewCell.xib */; };
		4EFBDA642923AE8300202B2A /* ContrastPopoverViewController.swift in Sources */ = {isa = PBXBuildFile; fileRef = 4EFBDA622923AE8300202B2A /* ContrastPopoverViewController.swift */; };
		4EFBDA652923AE8300202B2A /* ContrastPopoverViewController.xib in Resources */ = {isa = PBXBuildFile; fileRef = 4EFBDA632923AE8300202B2A /* ContrastPopoverViewController.xib */; };
		4EFBDA6D292666AA00202B2A /* RecertifictionLeterViewController.swift in Sources */ = {isa = PBXBuildFile; fileRef = 4EFBDA6B292666AA00202B2A /* RecertifictionLeterViewController.swift */; };
		4EFBDA6E292666AA00202B2A /* RecertifictionLeterViewController.xib in Resources */ = {isa = PBXBuildFile; fileRef = 4EFBDA6C292666AA00202B2A /* RecertifictionLeterViewController.xib */; };
		4EFBDA70292B78E400202B2A /* UserPreference.swift in Sources */ = {isa = PBXBuildFile; fileRef = 4EFBDA6F292B78E400202B2A /* UserPreference.swift */; };
		4EFBDA74292BA17100202B2A /* ForgotPassword.swift in Sources */ = {isa = PBXBuildFile; fileRef = 4EFBDA72292BA17100202B2A /* ForgotPassword.swift */; };
		4EFBDA75292BA17100202B2A /* ForgotPassword.xib in Resources */ = {isa = PBXBuildFile; fileRef = 4EFBDA73292BA17100202B2A /* ForgotPassword.xib */; };
		4EFF5F902990054700BF00D5 /* SettingCalibrationModeViewController.swift in Sources */ = {isa = PBXBuildFile; fileRef = 4EFF5F8E2990054700BF00D5 /* SettingCalibrationModeViewController.swift */; };
		4EFF5F912990054700BF00D5 /* SettingCalibrationModeViewController.xib in Resources */ = {isa = PBXBuildFile; fileRef = 4EFF5F8F2990054700BF00D5 /* SettingCalibrationModeViewController.xib */; };
		4EFF5F942990117600BF00D5 /* CalibrationModeTableViewCell.swift in Sources */ = {isa = PBXBuildFile; fileRef = 4EFF5F922990117600BF00D5 /* CalibrationModeTableViewCell.swift */; };
		4EFF5F952990117600BF00D5 /* CalibrationModeTableViewCell.xib in Resources */ = {isa = PBXBuildFile; fileRef = 4EFF5F932990117600BF00D5 /* CalibrationModeTableViewCell.xib */; };
		4EFF5F98299015BA00BF00D5 /* CalibrationModeDataTable.swift in Sources */ = {isa = PBXBuildFile; fileRef = 4EFF5F97299015BA00BF00D5 /* CalibrationModeDataTable.swift */; };
		9F0797D51F2F439D88BA34B4 /* Pods_Seknova_Practice.framework in Frameworks */ = {isa = PBXBuildFile; fileRef = 24BD3366D14F68E6807C079D /* Pods_Seknova_Practice.framework */; };
		AB7E72BFEFD88A0C57D46B13 /* Pods_Seknova_PracticeTests.framework in Frameworks */ = {isa = PBXBuildFile; fileRef = 35593199C3A17A67170D258B /* Pods_Seknova_PracticeTests.framework */; };
/* End PBXBuildFile section */

/* Begin PBXContainerItemProxy section */
		4E79C98D28F40FD200F3017B /* PBXContainerItemProxy */ = {
			isa = PBXContainerItemProxy;
			containerPortal = 4E79C96E28F40FCF00F3017B /* Project object */;
			proxyType = 1;
			remoteGlobalIDString = 4E79C97528F40FCF00F3017B;
			remoteInfo = "Seknova-Practice";
		};
		4E79C99728F40FD200F3017B /* PBXContainerItemProxy */ = {
			isa = PBXContainerItemProxy;
			containerPortal = 4E79C96E28F40FCF00F3017B /* Project object */;
			proxyType = 1;
			remoteGlobalIDString = 4E79C97528F40FCF00F3017B;
			remoteInfo = "Seknova-Practice";
		};
/* End PBXContainerItemProxy section */

/* Begin PBXFileReference section */
		0F46DE910FEBAD4F4DB2D4E6 /* Pods-Seknova-Practice-Seknova-PracticeUITests.release.xcconfig */ = {isa = PBXFileReference; includeInIndex = 1; lastKnownFileType = text.xcconfig; name = "Pods-Seknova-Practice-Seknova-PracticeUITests.release.xcconfig"; path = "Target Support Files/Pods-Seknova-Practice-Seknova-PracticeUITests/Pods-Seknova-Practice-Seknova-PracticeUITests.release.xcconfig"; sourceTree = "<group>"; };
		24BD3366D14F68E6807C079D /* Pods_Seknova_Practice.framework */ = {isa = PBXFileReference; explicitFileType = wrapper.framework; includeInIndex = 0; path = Pods_Seknova_Practice.framework; sourceTree = BUILT_PRODUCTS_DIR; };
		35593199C3A17A67170D258B /* Pods_Seknova_PracticeTests.framework */ = {isa = PBXFileReference; explicitFileType = wrapper.framework; includeInIndex = 0; path = Pods_Seknova_PracticeTests.framework; sourceTree = BUILT_PRODUCTS_DIR; };
		4E08602429484F5600170A60 /* ActivityIndicatorView.swift */ = {isa = PBXFileReference; lastKnownFileType = sourcecode.swift; path = ActivityIndicatorView.swift; sourceTree = "<group>"; };
		4E086026294862EB00170A60 /* UserInformationTable.swift */ = {isa = PBXFileReference; lastKnownFileType = sourcecode.swift; path = UserInformationTable.swift; sourceTree = "<group>"; };
		4E08602829488F8A00170A60 /* RecordsTable.swift */ = {isa = PBXFileReference; lastKnownFileType = sourcecode.swift; path = RecordsTable.swift; sourceTree = "<group>"; };
		4E08602A2948966800170A60 /* EventDataTable.swift */ = {isa = PBXFileReference; lastKnownFileType = sourcecode.swift; path = EventDataTable.swift; sourceTree = "<group>"; };
		4E08602C294899E700170A60 /* ImageButtonView.swift */ = {isa = PBXFileReference; lastKnownFileType = sourcecode.swift; path = ImageButtonView.swift; sourceTree = "<group>"; };
		4E08602D294899E700170A60 /* ImageButtonView.xib */ = {isa = PBXFileReference; lastKnownFileType = file.xib; path = ImageButtonView.xib; sourceTree = "<group>"; };
		4E0860312948AA2300170A60 /* CustomTabBarView.swift */ = {isa = PBXFileReference; lastKnownFileType = sourcecode.swift; path = CustomTabBarView.swift; sourceTree = "<group>"; };
		4E0860322948AA2400170A60 /* CustomTabBarView.xib */ = {isa = PBXFileReference; lastKnownFileType = file.xib; path = CustomTabBarView.xib; sourceTree = "<group>"; };
		4E0860352949A40700170A60 /* MainViewController.swift */ = {isa = PBXFileReference; lastKnownFileType = sourcecode.swift; path = MainViewController.swift; sourceTree = "<group>"; };
		4E0860362949A40700170A60 /* MainViewController.xib */ = {isa = PBXFileReference; lastKnownFileType = file.xib; path = MainViewController.xib; sourceTree = "<group>"; };
		4E11253C293A324C00D3BD55 /* HistoryViewController.swift */ = {isa = PBXFileReference; lastKnownFileType = sourcecode.swift; path = HistoryViewController.swift; sourceTree = "<group>"; };
		4E11253D293A324C00D3BD55 /* HistoryViewController.xib */ = {isa = PBXFileReference; lastKnownFileType = file.xib; path = HistoryViewController.xib; sourceTree = "<group>"; };
		4E112544293A33C800D3BD55 /* BloodSugarCorrectionViewController.swift */ = {isa = PBXFileReference; lastKnownFileType = sourcecode.swift; path = BloodSugarCorrectionViewController.swift; sourceTree = "<group>"; };
		4E112545293A33C800D3BD55 /* BloodSugarCorrectionViewController.xib */ = {isa = PBXFileReference; lastKnownFileType = file.xib; path = BloodSugarCorrectionViewController.xib; sourceTree = "<group>"; };
		4E112548293A33EA00D3BD55 /* InstanceBloodSugarViewController.swift */ = {isa = PBXFileReference; lastKnownFileType = sourcecode.swift; path = InstanceBloodSugarViewController.swift; sourceTree = "<group>"; };
		4E112549293A33EA00D3BD55 /* InstanceBloodSugarViewController.xib */ = {isa = PBXFileReference; lastKnownFileType = file.xib; path = InstanceBloodSugarViewController.xib; sourceTree = "<group>"; };
		4E11254C293A33FF00D3BD55 /* LifeStyleViewController.swift */ = {isa = PBXFileReference; lastKnownFileType = sourcecode.swift; path = LifeStyleViewController.swift; sourceTree = "<group>"; };
		4E11254D293A33FF00D3BD55 /* LifeStyleViewController.xib */ = {isa = PBXFileReference; lastKnownFileType = file.xib; path = LifeStyleViewController.xib; sourceTree = "<group>"; };
		4E112550293A341E00D3BD55 /* PersionalInformationViewController.swift */ = {isa = PBXFileReference; lastKnownFileType = sourcecode.swift; path = PersionalInformationViewController.swift; sourceTree = "<group>"; };
		4E112551293A341E00D3BD55 /* PersionalInformationViewController.xib */ = {isa = PBXFileReference; lastKnownFileType = file.xib; path = PersionalInformationViewController.xib; sourceTree = "<group>"; };
		4E1DB0B5298CBF4200CA1C8C /* SettingAlertViewController.swift */ = {isa = PBXFileReference; lastKnownFileType = sourcecode.swift; path = SettingAlertViewController.swift; sourceTree = "<group>"; };
		4E1DB0B6298CBF4200CA1C8C /* SettingAlertViewController.xib */ = {isa = PBXFileReference; lastKnownFileType = file.xib; path = SettingAlertViewController.xib; sourceTree = "<group>"; };
		4E1DB0B9298CC38000CA1C8C /* SettingAlertTableViewCell.swift */ = {isa = PBXFileReference; lastKnownFileType = sourcecode.swift; path = SettingAlertTableViewCell.swift; sourceTree = "<group>"; };
		4E1DB0BA298CC38000CA1C8C /* SettingAlertTableViewCell.xib */ = {isa = PBXFileReference; lastKnownFileType = file.xib; path = SettingAlertTableViewCell.xib; sourceTree = "<group>"; };
		4E2160F52939D5A80021553C /* ConnectViewController.swift */ = {isa = PBXFileReference; lastKnownFileType = sourcecode.swift; path = ConnectViewController.swift; sourceTree = "<group>"; };
		4E2160F62939D5A80021553C /* ConnectViewController.xib */ = {isa = PBXFileReference; lastKnownFileType = file.xib; path = ConnectViewController.xib; sourceTree = "<group>"; };
		4E2E94DF2913B7F900E2533F /* String+Extensions.swift */ = {isa = PBXFileReference; lastKnownFileType = sourcecode.swift; path = "String+Extensions.swift"; sourceTree = "<group>"; };
		4E2E94E22913BDE200E2533F /* Alert.swift */ = {isa = PBXFileReference; lastKnownFileType = sourcecode.swift; path = Alert.swift; sourceTree = "<group>"; };
		4E2EE824293DF856005F9DDD /* BodyInformationTableViewCell.swift */ = {isa = PBXFileReference; lastKnownFileType = sourcecode.swift; path = BodyInformationTableViewCell.swift; sourceTree = "<group>"; };
		4E2EE825293DF856005F9DDD /* BodyInformationTableViewCell.xib */ = {isa = PBXFileReference; lastKnownFileType = file.xib; path = BodyInformationTableViewCell.xib; sourceTree = "<group>"; };
		4E2EE828293F7E01005F9DDD /* AppDefine.swift */ = {isa = PBXFileReference; lastKnownFileType = sourcecode.swift; path = AppDefine.swift; sourceTree = "<group>"; };
		4E2EE82A29406650005F9DDD /* BodyInformationArrowTableViewCell.swift */ = {isa = PBXFileReference; lastKnownFileType = sourcecode.swift; path = BodyInformationArrowTableViewCell.swift; sourceTree = "<group>"; };
		4E2EE82B29406650005F9DDD /* BodyInformationArrowTableViewCell.xib */ = {isa = PBXFileReference; lastKnownFileType = file.xib; path = BodyInformationArrowTableViewCell.xib; sourceTree = "<group>"; };
		4E2EE82E29435621005F9DDD /* LocalDatabase.swift */ = {isa = PBXFileReference; lastKnownFileType = sourcecode.swift; path = LocalDatabase.swift; sourceTree = "<group>"; };
		4E48CAAE295491C500CC9855 /* ChartXAxisFormatter.swift */ = {isa = PBXFileReference; lastKnownFileType = sourcecode.swift; path = ChartXAxisFormatter.swift; sourceTree = "<group>"; };
		4E48CAB42958771E00CC9855 /* ConnectPopoverViewController.swift */ = {isa = PBXFileReference; lastKnownFileType = sourcecode.swift; path = ConnectPopoverViewController.swift; sourceTree = "<group>"; };
		4E48CAB52958771E00CC9855 /* ConnectPopoverViewController.xib */ = {isa = PBXFileReference; lastKnownFileType = file.xib; path = ConnectPopoverViewController.xib; sourceTree = "<group>"; };
		4E71FBBF292FAAAE00B75F9B /* BodyInformationViewController.swift */ = {isa = PBXFileReference; lastKnownFileType = sourcecode.swift; path = BodyInformationViewController.swift; sourceTree = "<group>"; };
		4E71FBC0292FAAAE00B75F9B /* BodyInformationViewController.xib */ = {isa = PBXFileReference; lastKnownFileType = file.xib; path = BodyInformationViewController.xib; sourceTree = "<group>"; };
		4E71FBC4292FAFDB00B75F9B /* AudiovisualTeachingViewController.swift */ = {isa = PBXFileReference; lastKnownFileType = sourcecode.swift; path = AudiovisualTeachingViewController.swift; sourceTree = "<group>"; };
		4E71FBC5292FAFDB00B75F9B /* AudiovisualTeachingViewController.xib */ = {isa = PBXFileReference; lastKnownFileType = file.xib; path = AudiovisualTeachingViewController.xib; sourceTree = "<group>"; };
		4E71FBC92930EF4A00B75F9B /* BloodSugarIndexViewController.swift */ = {isa = PBXFileReference; lastKnownFileType = sourcecode.swift; path = BloodSugarIndexViewController.swift; sourceTree = "<group>"; };
		4E71FBCA2930EF4A00B75F9B /* BloodSugarIndexViewController.xib */ = {isa = PBXFileReference; lastKnownFileType = file.xib; path = BloodSugarIndexViewController.xib; sourceTree = "<group>"; };
		4E797829293258F2009AE72E /* TransmitterContentViewController.swift */ = {isa = PBXFileReference; lastKnownFileType = sourcecode.swift; path = TransmitterContentViewController.swift; sourceTree = "<group>"; };
		4E79782A293258F2009AE72E /* TransmitterContentViewController.xib */ = {isa = PBXFileReference; lastKnownFileType = file.xib; path = TransmitterContentViewController.xib; sourceTree = "<group>"; };
		4E79C97628F40FCF00F3017B /* Seknova-Practice.app */ = {isa = PBXFileReference; explicitFileType = wrapper.application; includeInIndex = 0; path = "Seknova-Practice.app"; sourceTree = BUILT_PRODUCTS_DIR; };
		4E79C97928F40FCF00F3017B /* AppDelegate.swift */ = {isa = PBXFileReference; lastKnownFileType = sourcecode.swift; path = AppDelegate.swift; sourceTree = "<group>"; };
		4E79C97B28F40FCF00F3017B /* SceneDelegate.swift */ = {isa = PBXFileReference; lastKnownFileType = sourcecode.swift; path = SceneDelegate.swift; sourceTree = "<group>"; };
		4E79C98228F40FD100F3017B /* Assets.xcassets */ = {isa = PBXFileReference; lastKnownFileType = folder.assetcatalog; path = Assets.xcassets; sourceTree = "<group>"; };
		4E79C98528F40FD100F3017B /* Base */ = {isa = PBXFileReference; lastKnownFileType = file.storyboard; name = Base; path = Base.lproj/LaunchScreen.storyboard; sourceTree = "<group>"; };
		4E79C98728F40FD100F3017B /* Info.plist */ = {isa = PBXFileReference; lastKnownFileType = text.plist.xml; path = Info.plist; sourceTree = "<group>"; };
		4E79C98C28F40FD200F3017B /* Seknova-PracticeTests.xctest */ = {isa = PBXFileReference; explicitFileType = wrapper.cfbundle; includeInIndex = 0; path = "Seknova-PracticeTests.xctest"; sourceTree = BUILT_PRODUCTS_DIR; };
		4E79C99028F40FD200F3017B /* Seknova_PracticeTests.swift */ = {isa = PBXFileReference; lastKnownFileType = sourcecode.swift; path = Seknova_PracticeTests.swift; sourceTree = "<group>"; };
		4E79C99628F40FD200F3017B /* Seknova-PracticeUITests.xctest */ = {isa = PBXFileReference; explicitFileType = wrapper.cfbundle; includeInIndex = 0; path = "Seknova-PracticeUITests.xctest"; sourceTree = BUILT_PRODUCTS_DIR; };
		4E79C99A28F40FD200F3017B /* Seknova_PracticeUITests.swift */ = {isa = PBXFileReference; lastKnownFileType = sourcecode.swift; path = Seknova_PracticeUITests.swift; sourceTree = "<group>"; };
		4E79C99C28F40FD200F3017B /* Seknova_PracticeUITestsLaunchTests.swift */ = {isa = PBXFileReference; lastKnownFileType = sourcecode.swift; path = Seknova_PracticeUITestsLaunchTests.swift; sourceTree = "<group>"; };
		4E7CD54C2935F7A100F913F4 /* UnderstandMoreViewController.swift */ = {isa = PBXFileReference; lastKnownFileType = sourcecode.swift; path = UnderstandMoreViewController.swift; sourceTree = "<group>"; };
		4E7CD54D2935F7A100F913F4 /* UnderstandMoreViewController.xib */ = {isa = PBXFileReference; lastKnownFileType = file.xib; path = UnderstandMoreViewController.xib; sourceTree = "<group>"; };
		4E7CD5512937925900F913F4 /* PairBlueToothViewController.swift */ = {isa = PBXFileReference; lastKnownFileType = sourcecode.swift; path = PairBlueToothViewController.swift; sourceTree = "<group>"; };
		4E7CD5522937925900F913F4 /* PairBlueToothViewController.xib */ = {isa = PBXFileReference; lastKnownFileType = file.xib; path = PairBlueToothViewController.xib; sourceTree = "<group>"; };
		4E7F94DA292CD6F000F28F69 /* ResetPasswordViewController.swift */ = {isa = PBXFileReference; lastKnownFileType = sourcecode.swift; path = ResetPasswordViewController.swift; sourceTree = "<group>"; };
		4E7F94DB292CD6F000F28F69 /* ResetPasswordViewController.xib */ = {isa = PBXFileReference; lastKnownFileType = file.xib; path = ResetPasswordViewController.xib; sourceTree = "<group>"; };
		4E8303C02907D559005DBEA5 /* BaseViewController.swift */ = {isa = PBXFileReference; lastKnownFileType = sourcecode.swift; path = BaseViewController.swift; sourceTree = "<group>"; };
		4E8303C22907D8EF005DBEA5 /* Color+Extensions.swift */ = {isa = PBXFileReference; lastKnownFileType = sourcecode.swift; path = "Color+Extensions.swift"; sourceTree = "<group>"; };
		4E854D7829026E9B0097D79E /* RegisterViewController.swift */ = {isa = PBXFileReference; lastKnownFileType = sourcecode.swift; path = RegisterViewController.swift; sourceTree = "<group>"; };
		4E854D7929026E9B0097D79E /* RegisterViewController.xib */ = {isa = PBXFileReference; lastKnownFileType = file.xib; path = RegisterViewController.xib; sourceTree = "<group>"; };
		4E854D7D290270DA0097D79E /* LoginViewController.swift */ = {isa = PBXFileReference; fileEncoding = 4; lastKnownFileType = sourcecode.swift; path = LoginViewController.swift; sourceTree = "<group>"; };
		4E854D7E290270DB0097D79E /* LoginViewController.xib */ = {isa = PBXFileReference; fileEncoding = 4; lastKnownFileType = file.xib; path = LoginViewController.xib; sourceTree = "<group>"; };
		4E8669A5298B7C7300A38D1A /* SettingViewController.swift */ = {isa = PBXFileReference; lastKnownFileType = sourcecode.swift; path = SettingViewController.swift; sourceTree = "<group>"; };
		4E8669A6298B7C7300A38D1A /* SettingViewController.xib */ = {isa = PBXFileReference; lastKnownFileType = file.xib; path = SettingViewController.xib; sourceTree = "<group>"; };
		4E8669A9298B8EB200A38D1A /* TextTableViewCell.swift */ = {isa = PBXFileReference; lastKnownFileType = sourcecode.swift; path = TextTableViewCell.swift; sourceTree = "<group>"; };
		4E8669AA298B8EB200A38D1A /* TextTableViewCell.xib */ = {isa = PBXFileReference; lastKnownFileType = file.xib; path = TextTableViewCell.xib; sourceTree = "<group>"; };
		4E8669AD298BA29E00A38D1A /* SwitchTableViewCell.swift */ = {isa = PBXFileReference; lastKnownFileType = sourcecode.swift; path = SwitchTableViewCell.swift; sourceTree = "<group>"; };
		4E8669AE298BA29E00A38D1A /* SwitchTableViewCell.xib */ = {isa = PBXFileReference; lastKnownFileType = file.xib; path = SwitchTableViewCell.xib; sourceTree = "<group>"; };
		4E8669B1298BB01500A38D1A /* RightArrowTableViewCell.swift */ = {isa = PBXFileReference; lastKnownFileType = sourcecode.swift; path = RightArrowTableViewCell.swift; sourceTree = "<group>"; };
		4E8669B2298BB01500A38D1A /* RightArrowTableViewCell.xib */ = {isa = PBXFileReference; lastKnownFileType = file.xib; path = RightArrowTableViewCell.xib; sourceTree = "<group>"; };
		4E8669B5298BD5E500A38D1A /* ReloadTableViewCell.swift */ = {isa = PBXFileReference; lastKnownFileType = sourcecode.swift; path = ReloadTableViewCell.swift; sourceTree = "<group>"; };
		4E8669B6298BD5E500A38D1A /* ReloadTableViewCell.xib */ = {isa = PBXFileReference; lastKnownFileType = file.xib; path = ReloadTableViewCell.xib; sourceTree = "<group>"; };
		4E88DB4D290283C9005DCFC9 /* AlphaBackgroundView.swift */ = {isa = PBXFileReference; lastKnownFileType = sourcecode.swift; path = AlphaBackgroundView.swift; sourceTree = "<group>"; };
		4E9BA6BB29090E1700EA71A5 /* TextField+Extensions.swift */ = {isa = PBXFileReference; lastKnownFileType = sourcecode.swift; path = "TextField+Extensions.swift"; sourceTree = "<group>"; };
		4EA0FA29297522AF00D135B5 /* BatteryIcon.swift */ = {isa = PBXFileReference; lastKnownFileType = sourcecode.swift; path = BatteryIcon.swift; sourceTree = "<group>"; };
		4EA0FA2B2975231300D135B5 /* BatteryIcon.xib */ = {isa = PBXFileReference; lastKnownFileType = file.xib; path = BatteryIcon.xib; sourceTree = "<group>"; };
		4EA0FA2D297525BD00D135B5 /* UIViewToUIImage.swift */ = {isa = PBXFileReference; lastKnownFileType = sourcecode.swift; path = UIViewToUIImage.swift; sourceTree = "<group>"; };
		4EA0FA2F29768FCF00D135B5 /* PersionalInformationTableViewCell.swift */ = {isa = PBXFileReference; lastKnownFileType = sourcecode.swift; path = PersionalInformationTableViewCell.swift; sourceTree = "<group>"; };
		4EA0FA3029768FCF00D135B5 /* PersionalInformationTableViewCell.xib */ = {isa = PBXFileReference; lastKnownFileType = file.xib; path = PersionalInformationTableViewCell.xib; sourceTree = "<group>"; };
		4EA0FA3329768FEB00D135B5 /* LogOutTableViewCell.swift */ = {isa = PBXFileReference; lastKnownFileType = sourcecode.swift; path = LogOutTableViewCell.swift; sourceTree = "<group>"; };
		4EA0FA3429768FEB00D135B5 /* LogOutTableViewCell.xib */ = {isa = PBXFileReference; lastKnownFileType = file.xib; path = LogOutTableViewCell.xib; sourceTree = "<group>"; };
		4EA71BD52939F282000A1A4C /* ScanningSensorViewController.swift */ = {isa = PBXFileReference; lastKnownFileType = sourcecode.swift; path = ScanningSensorViewController.swift; sourceTree = "<group>"; };
		4EA71BD62939F282000A1A4C /* ScanningSensorViewController.xib */ = {isa = PBXFileReference; lastKnownFileType = file.xib; path = ScanningSensorViewController.xib; sourceTree = "<group>"; };
		4EB1D6FA2958B57900ABA352 /* BloodSugarUnderstandMoreViewController.swift */ = {isa = PBXFileReference; lastKnownFileType = sourcecode.swift; path = BloodSugarUnderstandMoreViewController.swift; sourceTree = "<group>"; };
		4EB1D6FB2958B57900ABA352 /* BloodSugarUnderstandMoreViewController.xib */ = {isa = PBXFileReference; lastKnownFileType = file.xib; path = BloodSugarUnderstandMoreViewController.xib; sourceTree = "<group>"; };
		4EB1D6FE2958B82900ABA352 /* BloodSugarConfirmViewController.swift */ = {isa = PBXFileReference; lastKnownFileType = sourcecode.swift; path = BloodSugarConfirmViewController.swift; sourceTree = "<group>"; };
		4EB1D6FF2958B82900ABA352 /* BloodSugarConfirmViewController.xib */ = {isa = PBXFileReference; lastKnownFileType = file.xib; path = BloodSugarConfirmViewController.xib; sourceTree = "<group>"; };
		4EB1D704295C767600ABA352 /* BarButtonItem+Extensions.swift */ = {isa = PBXFileReference; lastKnownFileType = sourcecode.swift; path = "BarButtonItem+Extensions.swift"; sourceTree = "<group>"; };
		4EB1D706295ED91F00ABA352 /* NSNotification+Extensions.swift */ = {isa = PBXFileReference; lastKnownFileType = sourcecode.swift; path = "NSNotification+Extensions.swift"; sourceTree = "<group>"; };
		4EB1D708295EDC9F00ABA352 /* TransmitterTimeAndSensorBatteryPopover.swift */ = {isa = PBXFileReference; lastKnownFileType = sourcecode.swift; path = TransmitterTimeAndSensorBatteryPopover.swift; sourceTree = "<group>"; };
		4EB1D709295EDC9F00ABA352 /* TransmitterTimeAndSensorBatteryPopover.xib */ = {isa = PBXFileReference; lastKnownFileType = file.xib; path = TransmitterTimeAndSensorBatteryPopover.xib; sourceTree = "<group>"; };
		4EB1D70C295EF70D00ABA352 /* CommandBase.swift */ = {isa = PBXFileReference; lastKnownFileType = sourcecode.swift; path = CommandBase.swift; sourceTree = "<group>"; };
		4EB468972986B03800820F92 /* AccountSectionTableViewCell.swift */ = {isa = PBXFileReference; lastKnownFileType = sourcecode.swift; path = AccountSectionTableViewCell.swift; sourceTree = "<group>"; };
		4EB468982986B03800820F92 /* AccountSectionTableViewCell.xib */ = {isa = PBXFileReference; lastKnownFileType = file.xib; path = AccountSectionTableViewCell.xib; sourceTree = "<group>"; };
		4EFBDA622923AE8300202B2A /* ContrastPopoverViewController.swift */ = {isa = PBXFileReference; lastKnownFileType = sourcecode.swift; path = ContrastPopoverViewController.swift; sourceTree = "<group>"; };
		4EFBDA632923AE8300202B2A /* ContrastPopoverViewController.xib */ = {isa = PBXFileReference; lastKnownFileType = file.xib; path = ContrastPopoverViewController.xib; sourceTree = "<group>"; };
		4EFBDA6B292666AA00202B2A /* RecertifictionLeterViewController.swift */ = {isa = PBXFileReference; lastKnownFileType = sourcecode.swift; path = RecertifictionLeterViewController.swift; sourceTree = "<group>"; };
		4EFBDA6C292666AA00202B2A /* RecertifictionLeterViewController.xib */ = {isa = PBXFileReference; lastKnownFileType = file.xib; path = RecertifictionLeterViewController.xib; sourceTree = "<group>"; };
		4EFBDA6F292B78E400202B2A /* UserPreference.swift */ = {isa = PBXFileReference; lastKnownFileType = sourcecode.swift; path = UserPreference.swift; sourceTree = "<group>"; };
		4EFBDA72292BA17100202B2A /* ForgotPassword.swift */ = {isa = PBXFileReference; lastKnownFileType = sourcecode.swift; path = ForgotPassword.swift; sourceTree = "<group>"; };
		4EFBDA73292BA17100202B2A /* ForgotPassword.xib */ = {isa = PBXFileReference; lastKnownFileType = file.xib; path = ForgotPassword.xib; sourceTree = "<group>"; };
		4EFF5F8E2990054700BF00D5 /* SettingCalibrationModeViewController.swift */ = {isa = PBXFileReference; lastKnownFileType = sourcecode.swift; path = SettingCalibrationModeViewController.swift; sourceTree = "<group>"; };
		4EFF5F8F2990054700BF00D5 /* SettingCalibrationModeViewController.xib */ = {isa = PBXFileReference; lastKnownFileType = file.xib; path = SettingCalibrationModeViewController.xib; sourceTree = "<group>"; };
		4EFF5F922990117600BF00D5 /* CalibrationModeTableViewCell.swift */ = {isa = PBXFileReference; lastKnownFileType = sourcecode.swift; path = CalibrationModeTableViewCell.swift; sourceTree = "<group>"; };
		4EFF5F932990117600BF00D5 /* CalibrationModeTableViewCell.xib */ = {isa = PBXFileReference; lastKnownFileType = file.xib; path = CalibrationModeTableViewCell.xib; sourceTree = "<group>"; };
		4EFF5F97299015BA00BF00D5 /* CalibrationModeDataTable.swift */ = {isa = PBXFileReference; lastKnownFileType = sourcecode.swift; path = CalibrationModeDataTable.swift; sourceTree = "<group>"; };
		5E53C86D42EB499112CB44D2 /* Pods_Seknova_Practice_Seknova_PracticeUITests.framework */ = {isa = PBXFileReference; explicitFileType = wrapper.framework; includeInIndex = 0; path = Pods_Seknova_Practice_Seknova_PracticeUITests.framework; sourceTree = BUILT_PRODUCTS_DIR; };
		66AB2B0F508E9F55A2DC51EB /* Pods-Seknova-PracticeTests.debug.xcconfig */ = {isa = PBXFileReference; includeInIndex = 1; lastKnownFileType = text.xcconfig; name = "Pods-Seknova-PracticeTests.debug.xcconfig"; path = "Target Support Files/Pods-Seknova-PracticeTests/Pods-Seknova-PracticeTests.debug.xcconfig"; sourceTree = "<group>"; };
		73B98C0961C0E0B99FCF814F /* Pods-Seknova-Practice.debug.xcconfig */ = {isa = PBXFileReference; includeInIndex = 1; lastKnownFileType = text.xcconfig; name = "Pods-Seknova-Practice.debug.xcconfig"; path = "Target Support Files/Pods-Seknova-Practice/Pods-Seknova-Practice.debug.xcconfig"; sourceTree = "<group>"; };
		74C6295ABF655AAD775AA0A3 /* Pods-Seknova-PracticeTests.release.xcconfig */ = {isa = PBXFileReference; includeInIndex = 1; lastKnownFileType = text.xcconfig; name = "Pods-Seknova-PracticeTests.release.xcconfig"; path = "Target Support Files/Pods-Seknova-PracticeTests/Pods-Seknova-PracticeTests.release.xcconfig"; sourceTree = "<group>"; };
		D50C8B306315FD57732FB8CA /* Pods-Seknova-Practice-Seknova-PracticeUITests.debug.xcconfig */ = {isa = PBXFileReference; includeInIndex = 1; lastKnownFileType = text.xcconfig; name = "Pods-Seknova-Practice-Seknova-PracticeUITests.debug.xcconfig"; path = "Target Support Files/Pods-Seknova-Practice-Seknova-PracticeUITests/Pods-Seknova-Practice-Seknova-PracticeUITests.debug.xcconfig"; sourceTree = "<group>"; };
		E6ADCFB13685BA29F0ED7763 /* Pods-Seknova-Practice.release.xcconfig */ = {isa = PBXFileReference; includeInIndex = 1; lastKnownFileType = text.xcconfig; name = "Pods-Seknova-Practice.release.xcconfig"; path = "Target Support Files/Pods-Seknova-Practice/Pods-Seknova-Practice.release.xcconfig"; sourceTree = "<group>"; };
/* End PBXFileReference section */

/* Begin PBXFrameworksBuildPhase section */
		4E79C97328F40FCF00F3017B /* Frameworks */ = {
			isa = PBXFrameworksBuildPhase;
			buildActionMask = 2147483647;
			files = (
				9F0797D51F2F439D88BA34B4 /* Pods_Seknova_Practice.framework in Frameworks */,
			);
			runOnlyForDeploymentPostprocessing = 0;
		};
		4E79C98928F40FD200F3017B /* Frameworks */ = {
			isa = PBXFrameworksBuildPhase;
			buildActionMask = 2147483647;
			files = (
				AB7E72BFEFD88A0C57D46B13 /* Pods_Seknova_PracticeTests.framework in Frameworks */,
			);
			runOnlyForDeploymentPostprocessing = 0;
		};
		4E79C99328F40FD200F3017B /* Frameworks */ = {
			isa = PBXFrameworksBuildPhase;
			buildActionMask = 2147483647;
			files = (
				3374733282785F6644403987 /* Pods_Seknova_Practice_Seknova_PracticeUITests.framework in Frameworks */,
			);
			runOnlyForDeploymentPostprocessing = 0;
		};
/* End PBXFrameworksBuildPhase section */

/* Begin PBXGroup section */
		4732D0BD081C04E56196579E /* Pods */ = {
			isa = PBXGroup;
			children = (
				73B98C0961C0E0B99FCF814F /* Pods-Seknova-Practice.debug.xcconfig */,
				E6ADCFB13685BA29F0ED7763 /* Pods-Seknova-Practice.release.xcconfig */,
				D50C8B306315FD57732FB8CA /* Pods-Seknova-Practice-Seknova-PracticeUITests.debug.xcconfig */,
				0F46DE910FEBAD4F4DB2D4E6 /* Pods-Seknova-Practice-Seknova-PracticeUITests.release.xcconfig */,
				66AB2B0F508E9F55A2DC51EB /* Pods-Seknova-PracticeTests.debug.xcconfig */,
				74C6295ABF655AAD775AA0A3 /* Pods-Seknova-PracticeTests.release.xcconfig */,
			);
			path = Pods;
			sourceTree = "<group>";
		};
		4E0860302948A98900170A60 /* CustomTabBar */ = {
			isa = PBXGroup;
			children = (
				4E08602C294899E700170A60 /* ImageButtonView.swift */,
				4E08602D294899E700170A60 /* ImageButtonView.xib */,
				4E0860312948AA2300170A60 /* CustomTabBarView.swift */,
				4E0860322948AA2400170A60 /* CustomTabBarView.xib */,
			);
			path = CustomTabBar;
			sourceTree = "<group>";
		};
		4E11253A293A31D900D3BD55 /* MainFlow */ = {
			isa = PBXGroup;
			children = (
				4E8669A4298B7C4200A38D1A /* Setting */,
				4E0860352949A40700170A60 /* MainViewController.swift */,
				4E0860362949A40700170A60 /* MainViewController.xib */,
				4E112543293A32EF00D3BD55 /* PersionalInformation */,
				4E112542293A32C800D3BD55 /* LifeStyle */,
				4E112541293A32A600D3BD55 /* InstanceBloodSugar */,
				4E112540293A325B00D3BD55 /* BloodSugarCorrection */,
				4E11253B293A322900D3BD55 /* History */,
			);
			path = MainFlow;
			sourceTree = "<group>";
		};
		4E11253B293A322900D3BD55 /* History */ = {
			isa = PBXGroup;
			children = (
				4E11253C293A324C00D3BD55 /* HistoryViewController.swift */,
				4E11253D293A324C00D3BD55 /* HistoryViewController.xib */,
			);
			path = History;
			sourceTree = "<group>";
		};
		4E112540293A325B00D3BD55 /* BloodSugarCorrection */ = {
			isa = PBXGroup;
			children = (
				4E112544293A33C800D3BD55 /* BloodSugarCorrectionViewController.swift */,
				4E112545293A33C800D3BD55 /* BloodSugarCorrectionViewController.xib */,
				4EB1D6FA2958B57900ABA352 /* BloodSugarUnderstandMoreViewController.swift */,
				4EB1D6FB2958B57900ABA352 /* BloodSugarUnderstandMoreViewController.xib */,
				4EB1D6FE2958B82900ABA352 /* BloodSugarConfirmViewController.swift */,
				4EB1D6FF2958B82900ABA352 /* BloodSugarConfirmViewController.xib */,
			);
			path = BloodSugarCorrection;
			sourceTree = "<group>";
		};
		4E112541293A32A600D3BD55 /* InstanceBloodSugar */ = {
			isa = PBXGroup;
			children = (
				4E48CAB42958771E00CC9855 /* ConnectPopoverViewController.swift */,
				4E48CAB52958771E00CC9855 /* ConnectPopoverViewController.xib */,
				4E112548293A33EA00D3BD55 /* InstanceBloodSugarViewController.swift */,
				4E112549293A33EA00D3BD55 /* InstanceBloodSugarViewController.xib */,
				4EB1D708295EDC9F00ABA352 /* TransmitterTimeAndSensorBatteryPopover.swift */,
				4EB1D709295EDC9F00ABA352 /* TransmitterTimeAndSensorBatteryPopover.xib */,
			);
			path = InstanceBloodSugar;
			sourceTree = "<group>";
		};
		4E112542293A32C800D3BD55 /* LifeStyle */ = {
			isa = PBXGroup;
			children = (
				4E11254C293A33FF00D3BD55 /* LifeStyleViewController.swift */,
				4E11254D293A33FF00D3BD55 /* LifeStyleViewController.xib */,
			);
			path = LifeStyle;
			sourceTree = "<group>";
		};
		4E112543293A32EF00D3BD55 /* PersionalInformation */ = {
			isa = PBXGroup;
			children = (
				4E112550293A341E00D3BD55 /* PersionalInformationViewController.swift */,
				4E112551293A341E00D3BD55 /* PersionalInformationViewController.xib */,
				4EA0FA2F29768FCF00D135B5 /* PersionalInformationTableViewCell.swift */,
				4EA0FA3029768FCF00D135B5 /* PersionalInformationTableViewCell.xib */,
				4EA0FA3329768FEB00D135B5 /* LogOutTableViewCell.swift */,
				4EA0FA3429768FEB00D135B5 /* LogOutTableViewCell.xib */,
				4EB468972986B03800820F92 /* AccountSectionTableViewCell.swift */,
				4EB468982986B03800820F92 /* AccountSectionTableViewCell.xib */,
			);
			path = PersionalInformation;
			sourceTree = "<group>";
		};
		4E17A6E02939E964007882A2 /* LoginFlow */ = {
			isa = PBXGroup;
			children = (
				4E854D7729026E420097D79E /* Login */,
				4E854D7C29026EA90097D79E /* Register */,
				4EFBDA6629263A3B00202B2A /* RecertifictionLetter */,
				4EFBDA71292BA14000202B2A /* ForgotPassword */,
				4E7F94D9292CD6B300F28F69 /* ResetPassword */,
			);
			path = LoginFlow;
			sourceTree = "<group>";
		};
		4E17A6E12939EA6A007882A2 /* FirstLoginFlow */ = {
			isa = PBXGroup;
			children = (
				4E71FBBD292F9D8200B75F9B /* ContrastViewController */,
				4E71FBC3292FAF6600B75F9B /* AudiovisualTeachingViewController */,
				4E71FBC82930EF0C00B75F9B /* BloodSugarIndex */,
				4E71FBBE292FAA5400B75F9B /* BodyInformationViewController */,
				4E79782829324A75009AE72E /* TransmitterContent */,
				4E7CD550293791C900F913F4 /* PairBlueTooth */,
				4E2160F42939D56E0021553C /* ConnectViewController */,
				4EA71BD42939F266000A1A4C /* ScanningSensor */,
			);
			path = FirstLoginFlow;
			sourceTree = "<group>";
		};
		4E1DB0B4298CBEF300CA1C8C /* SettingAlert */ = {
			isa = PBXGroup;
			children = (
				4E1DB0B5298CBF4200CA1C8C /* SettingAlertViewController.swift */,
				4E1DB0B6298CBF4200CA1C8C /* SettingAlertViewController.xib */,
				4E1DB0B9298CC38000CA1C8C /* SettingAlertTableViewCell.swift */,
				4E1DB0BA298CC38000CA1C8C /* SettingAlertTableViewCell.xib */,
			);
			path = SettingAlert;
			sourceTree = "<group>";
		};
		4E2160F42939D56E0021553C /* ConnectViewController */ = {
			isa = PBXGroup;
			children = (
				4E2160F52939D5A80021553C /* ConnectViewController.swift */,
				4E2160F62939D5A80021553C /* ConnectViewController.xib */,
			);
			path = ConnectViewController;
			sourceTree = "<group>";
		};
		4E48CAAC2954911100CC9855 /* Database */ = {
			isa = PBXGroup;
			children = (
				4E2EE82E29435621005F9DDD /* LocalDatabase.swift */,
				4E08602829488F8A00170A60 /* RecordsTable.swift */,
				4E08602A2948966800170A60 /* EventDataTable.swift */,
				4E086026294862EB00170A60 /* UserInformationTable.swift */,
				4EFF5F97299015BA00BF00D5 /* CalibrationModeDataTable.swift */,
			);
			path = Database;
			sourceTree = "<group>";
		};
		4E48CAAD2954915D00CC9855 /* Utilities */ = {
			isa = PBXGroup;
			children = (
				4E48CAAE295491C500CC9855 /* ChartXAxisFormatter.swift */,
				4EB1D70C295EF70D00ABA352 /* CommandBase.swift */,
				4EA0FA2D297525BD00D135B5 /* UIViewToUIImage.swift */,
			);
			path = Utilities;
			sourceTree = "<group>";
		};
		4E71FBBD292F9D8200B75F9B /* ContrastViewController */ = {
			isa = PBXGroup;
			children = (
				4EFBDA622923AE8300202B2A /* ContrastPopoverViewController.swift */,
				4EFBDA632923AE8300202B2A /* ContrastPopoverViewController.xib */,
			);
			path = ContrastViewController;
			sourceTree = "<group>";
		};
		4E71FBBE292FAA5400B75F9B /* BodyInformationViewController */ = {
			isa = PBXGroup;
			children = (
				4E71FBBF292FAAAE00B75F9B /* BodyInformationViewController.swift */,
				4E71FBC0292FAAAE00B75F9B /* BodyInformationViewController.xib */,
				4E2EE824293DF856005F9DDD /* BodyInformationTableViewCell.swift */,
				4E2EE825293DF856005F9DDD /* BodyInformationTableViewCell.xib */,
				4E2EE82A29406650005F9DDD /* BodyInformationArrowTableViewCell.swift */,
				4E2EE82B29406650005F9DDD /* BodyInformationArrowTableViewCell.xib */,
			);
			path = BodyInformationViewController;
			sourceTree = "<group>";
		};
		4E71FBC3292FAF6600B75F9B /* AudiovisualTeachingViewController */ = {
			isa = PBXGroup;
			children = (
				4E71FBC4292FAFDB00B75F9B /* AudiovisualTeachingViewController.swift */,
				4E71FBC5292FAFDB00B75F9B /* AudiovisualTeachingViewController.xib */,
			);
			name = AudiovisualTeachingViewController;
			path = ..;
			sourceTree = "<group>";
		};
		4E71FBC82930EF0C00B75F9B /* BloodSugarIndex */ = {
			isa = PBXGroup;
			children = (
				4E71FBC92930EF4A00B75F9B /* BloodSugarIndexViewController.swift */,
				4E71FBCA2930EF4A00B75F9B /* BloodSugarIndexViewController.xib */,
				4E7CD54C2935F7A100F913F4 /* UnderstandMoreViewController.swift */,
				4E7CD54D2935F7A100F913F4 /* UnderstandMoreViewController.xib */,
			);
			path = BloodSugarIndex;
			sourceTree = "<group>";
		};
		4E79782829324A75009AE72E /* TransmitterContent */ = {
			isa = PBXGroup;
			children = (
				4E79782A293258F2009AE72E /* TransmitterContentViewController.xib */,
				4E797829293258F2009AE72E /* TransmitterContentViewController.swift */,
			);
			path = TransmitterContent;
			sourceTree = "<group>";
		};
		4E79C96D28F40FCF00F3017B = {
			isa = PBXGroup;
			children = (
				4E79C97828F40FCF00F3017B /* Seknova-Practice */,
				4E79C98F28F40FD200F3017B /* Seknova-PracticeTests */,
				4E79C99928F40FD200F3017B /* Seknova-PracticeUITests */,
				4E79C97728F40FCF00F3017B /* Products */,
				4732D0BD081C04E56196579E /* Pods */,
				7F5928064439FBD21B1E663B /* Frameworks */,
			);
			sourceTree = "<group>";
		};
		4E79C97728F40FCF00F3017B /* Products */ = {
			isa = PBXGroup;
			children = (
				4E79C97628F40FCF00F3017B /* Seknova-Practice.app */,
				4E79C98C28F40FD200F3017B /* Seknova-PracticeTests.xctest */,
				4E79C99628F40FD200F3017B /* Seknova-PracticeUITests.xctest */,
			);
			name = Products;
			sourceTree = "<group>";
		};
		4E79C97828F40FCF00F3017B /* Seknova-Practice */ = {
			isa = PBXGroup;
			children = (
				4EC6763F28F8265D0027BF79 /* Model */,
				4EC6764028F8266E0027BF79 /* View */,
				4EC6764128F826780027BF79 /* Controller */,
				4E79C97928F40FCF00F3017B /* AppDelegate.swift */,
				4E79C97B28F40FCF00F3017B /* SceneDelegate.swift */,
				4E79C98228F40FD100F3017B /* Assets.xcassets */,
				4E79C98428F40FD100F3017B /* LaunchScreen.storyboard */,
				4E79C98728F40FD100F3017B /* Info.plist */,
			);
			path = "Seknova-Practice";
			sourceTree = "<group>";
		};
		4E79C98F28F40FD200F3017B /* Seknova-PracticeTests */ = {
			isa = PBXGroup;
			children = (
				4E79C99028F40FD200F3017B /* Seknova_PracticeTests.swift */,
			);
			path = "Seknova-PracticeTests";
			sourceTree = "<group>";
		};
		4E79C99928F40FD200F3017B /* Seknova-PracticeUITests */ = {
			isa = PBXGroup;
			children = (
				4E79C99A28F40FD200F3017B /* Seknova_PracticeUITests.swift */,
				4E79C99C28F40FD200F3017B /* Seknova_PracticeUITestsLaunchTests.swift */,
			);
			path = "Seknova-PracticeUITests";
			sourceTree = "<group>";
		};
		4E7CD550293791C900F913F4 /* PairBlueTooth */ = {
			isa = PBXGroup;
			children = (
				4E7CD5512937925900F913F4 /* PairBlueToothViewController.swift */,
				4E7CD5522937925900F913F4 /* PairBlueToothViewController.xib */,
			);
			path = PairBlueTooth;
			sourceTree = "<group>";
		};
		4E7F94D9292CD6B300F28F69 /* ResetPassword */ = {
			isa = PBXGroup;
			children = (
				4E7F94DA292CD6F000F28F69 /* ResetPasswordViewController.swift */,
				4E7F94DB292CD6F000F28F69 /* ResetPasswordViewController.xib */,
			);
			path = ResetPassword;
			sourceTree = "<group>";
		};
		4E8303C42907D92A005DBEA5 /* Extensions */ = {
			isa = PBXGroup;
			children = (
				4E8303C22907D8EF005DBEA5 /* Color+Extensions.swift */,
				4E9BA6BB29090E1700EA71A5 /* TextField+Extensions.swift */,
				4E2E94DF2913B7F900E2533F /* String+Extensions.swift */,
				4EB1D704295C767600ABA352 /* BarButtonItem+Extensions.swift */,
				4EB1D706295ED91F00ABA352 /* NSNotification+Extensions.swift */,
			);
			path = Extensions;
			sourceTree = "<group>";
		};
		4E854D7729026E420097D79E /* Login */ = {
			isa = PBXGroup;
			children = (
				4E854D7D290270DA0097D79E /* LoginViewController.swift */,
				4E854D7E290270DB0097D79E /* LoginViewController.xib */,
			);
			path = Login;
			sourceTree = "<group>";
		};
		4E854D7C29026EA90097D79E /* Register */ = {
			isa = PBXGroup;
			children = (
				4E854D7829026E9B0097D79E /* RegisterViewController.swift */,
				4E854D7929026E9B0097D79E /* RegisterViewController.xib */,
			);
			path = Register;
			sourceTree = "<group>";
		};
		4E8669A4298B7C4200A38D1A /* Setting */ = {
			isa = PBXGroup;
			children = (
				4EFF5F8D299004DF00BF00D5 /* SettingCalibrationMode */,
				4E1DB0B4298CBEF300CA1C8C /* SettingAlert */,
				4E8669A5298B7C7300A38D1A /* SettingViewController.swift */,
				4E8669A6298B7C7300A38D1A /* SettingViewController.xib */,
				4E8669A9298B8EB200A38D1A /* TextTableViewCell.swift */,
				4E8669AA298B8EB200A38D1A /* TextTableViewCell.xib */,
				4E8669AD298BA29E00A38D1A /* SwitchTableViewCell.swift */,
				4E8669AE298BA29E00A38D1A /* SwitchTableViewCell.xib */,
				4E8669B1298BB01500A38D1A /* RightArrowTableViewCell.swift */,
				4E8669B2298BB01500A38D1A /* RightArrowTableViewCell.xib */,
				4E8669B5298BD5E500A38D1A /* ReloadTableViewCell.swift */,
				4E8669B6298BD5E500A38D1A /* ReloadTableViewCell.xib */,
			);
			path = Setting;
			sourceTree = "<group>";
		};
		4EA71BD42939F266000A1A4C /* ScanningSensor */ = {
			isa = PBXGroup;
			children = (
				4EA71BD52939F282000A1A4C /* ScanningSensorViewController.swift */,
				4EA71BD62939F282000A1A4C /* ScanningSensorViewController.xib */,
			);
			path = ScanningSensor;
			sourceTree = "<group>";
		};
		4EC6763F28F8265D0027BF79 /* Model */ = {
			isa = PBXGroup;
			children = (
				4E2E94E22913BDE200E2533F /* Alert.swift */,
				4E2EE828293F7E01005F9DDD /* AppDefine.swift */,
				4EFBDA6F292B78E400202B2A /* UserPreference.swift */,
				4E48CAAC2954911100CC9855 /* Database */,
				4E8303C42907D92A005DBEA5 /* Extensions */,
				4E48CAAD2954915D00CC9855 /* Utilities */,
			);
			path = Model;
			sourceTree = "<group>";
		};
		4EC6764028F8266E0027BF79 /* View */ = {
			isa = PBXGroup;
			children = (
				4E0860302948A98900170A60 /* CustomTabBar */,
				4E88DB4D290283C9005DCFC9 /* AlphaBackgroundView.swift */,
				4E08602429484F5600170A60 /* ActivityIndicatorView.swift */,
				4EA0FA29297522AF00D135B5 /* BatteryIcon.swift */,
				4EA0FA2B2975231300D135B5 /* BatteryIcon.xib */,
			);
			path = View;
			sourceTree = "<group>";
		};
		4EC6764128F826780027BF79 /* Controller */ = {
			isa = PBXGroup;
			children = (
				4E8303C02907D559005DBEA5 /* BaseViewController.swift */,
				4E17A6E02939E964007882A2 /* LoginFlow */,
				4E17A6E12939EA6A007882A2 /* FirstLoginFlow */,
				4E11253A293A31D900D3BD55 /* MainFlow */,
			);
			path = Controller;
			sourceTree = "<group>";
		};
		4EFBDA6629263A3B00202B2A /* RecertifictionLetter */ = {
			isa = PBXGroup;
			children = (
				4EFBDA6B292666AA00202B2A /* RecertifictionLeterViewController.swift */,
				4EFBDA6C292666AA00202B2A /* RecertifictionLeterViewController.xib */,
			);
			path = RecertifictionLetter;
			sourceTree = "<group>";
		};
		4EFBDA71292BA14000202B2A /* ForgotPassword */ = {
			isa = PBXGroup;
			children = (
				4EFBDA72292BA17100202B2A /* ForgotPassword.swift */,
				4EFBDA73292BA17100202B2A /* ForgotPassword.xib */,
			);
			path = ForgotPassword;
			sourceTree = "<group>";
		};
		4EFF5F8D299004DF00BF00D5 /* SettingCalibrationMode */ = {
			isa = PBXGroup;
			children = (
				4EFF5F8E2990054700BF00D5 /* SettingCalibrationModeViewController.swift */,
				4EFF5F8F2990054700BF00D5 /* SettingCalibrationModeViewController.xib */,
				4EFF5F922990117600BF00D5 /* CalibrationModeTableViewCell.swift */,
				4EFF5F932990117600BF00D5 /* CalibrationModeTableViewCell.xib */,
			);
			path = SettingCalibrationMode;
			sourceTree = "<group>";
		};
		7F5928064439FBD21B1E663B /* Frameworks */ = {
			isa = PBXGroup;
			children = (
				24BD3366D14F68E6807C079D /* Pods_Seknova_Practice.framework */,
				5E53C86D42EB499112CB44D2 /* Pods_Seknova_Practice_Seknova_PracticeUITests.framework */,
				35593199C3A17A67170D258B /* Pods_Seknova_PracticeTests.framework */,
			);
			name = Frameworks;
			sourceTree = "<group>";
		};
/* End PBXGroup section */

/* Begin PBXNativeTarget section */
		4E79C97528F40FCF00F3017B /* Seknova-Practice */ = {
			isa = PBXNativeTarget;
			buildConfigurationList = 4E79C9A028F40FD200F3017B /* Build configuration list for PBXNativeTarget "Seknova-Practice" */;
			buildPhases = (
				69080E07291D065C70F14E7D /* [CP] Check Pods Manifest.lock */,
				4E79C97228F40FCF00F3017B /* Sources */,
				4E79C97328F40FCF00F3017B /* Frameworks */,
				4E79C97428F40FCF00F3017B /* Resources */,
				F53A5410464AADA2D3561F1A /* [CP] Embed Pods Frameworks */,
			);
			buildRules = (
			);
			dependencies = (
			);
			name = "Seknova-Practice";
			productName = "Seknova-Practice";
			productReference = 4E79C97628F40FCF00F3017B /* Seknova-Practice.app */;
			productType = "com.apple.product-type.application";
		};
		4E79C98B28F40FD200F3017B /* Seknova-PracticeTests */ = {
			isa = PBXNativeTarget;
			buildConfigurationList = 4E79C9A328F40FD200F3017B /* Build configuration list for PBXNativeTarget "Seknova-PracticeTests" */;
			buildPhases = (
				6C45B5A0FE79C1E0885348E3 /* [CP] Check Pods Manifest.lock */,
				4E79C98828F40FD200F3017B /* Sources */,
				4E79C98928F40FD200F3017B /* Frameworks */,
				4E79C98A28F40FD200F3017B /* Resources */,
			);
			buildRules = (
			);
			dependencies = (
				4E79C98E28F40FD200F3017B /* PBXTargetDependency */,
			);
			name = "Seknova-PracticeTests";
			productName = "Seknova-PracticeTests";
			productReference = 4E79C98C28F40FD200F3017B /* Seknova-PracticeTests.xctest */;
			productType = "com.apple.product-type.bundle.unit-test";
		};
		4E79C99528F40FD200F3017B /* Seknova-PracticeUITests */ = {
			isa = PBXNativeTarget;
			buildConfigurationList = 4E79C9A628F40FD200F3017B /* Build configuration list for PBXNativeTarget "Seknova-PracticeUITests" */;
			buildPhases = (
				C24776FA0A3BAACEDF276073 /* [CP] Check Pods Manifest.lock */,
				4E79C99228F40FD200F3017B /* Sources */,
				4E79C99328F40FD200F3017B /* Frameworks */,
				4E79C99428F40FD200F3017B /* Resources */,
				6EC7B69F6303F116CC4FE93D /* [CP] Embed Pods Frameworks */,
			);
			buildRules = (
			);
			dependencies = (
				4E79C99828F40FD200F3017B /* PBXTargetDependency */,
			);
			name = "Seknova-PracticeUITests";
			productName = "Seknova-PracticeUITests";
			productReference = 4E79C99628F40FD200F3017B /* Seknova-PracticeUITests.xctest */;
			productType = "com.apple.product-type.bundle.ui-testing";
		};
/* End PBXNativeTarget section */

/* Begin PBXProject section */
		4E79C96E28F40FCF00F3017B /* Project object */ = {
			isa = PBXProject;
			attributes = {
				BuildIndependentTargetsInParallel = 1;
				LastSwiftUpdateCheck = 1340;
				LastUpgradeCheck = 1340;
				TargetAttributes = {
					4E79C97528F40FCF00F3017B = {
						CreatedOnToolsVersion = 13.4.1;
					};
					4E79C98B28F40FD200F3017B = {
						CreatedOnToolsVersion = 13.4.1;
						TestTargetID = 4E79C97528F40FCF00F3017B;
					};
					4E79C99528F40FD200F3017B = {
						CreatedOnToolsVersion = 13.4.1;
						TestTargetID = 4E79C97528F40FCF00F3017B;
					};
				};
			};
			buildConfigurationList = 4E79C97128F40FCF00F3017B /* Build configuration list for PBXProject "Seknova-Practice" */;
			compatibilityVersion = "Xcode 13.0";
			developmentRegion = en;
			hasScannedForEncodings = 0;
			knownRegions = (
				en,
				Base,
			);
			mainGroup = 4E79C96D28F40FCF00F3017B;
			productRefGroup = 4E79C97728F40FCF00F3017B /* Products */;
			projectDirPath = "";
			projectRoot = "";
			targets = (
				4E79C97528F40FCF00F3017B /* Seknova-Practice */,
				4E79C98B28F40FD200F3017B /* Seknova-PracticeTests */,
				4E79C99528F40FD200F3017B /* Seknova-PracticeUITests */,
			);
		};
/* End PBXProject section */

/* Begin PBXResourcesBuildPhase section */
		4E79C97428F40FCF00F3017B /* Resources */ = {
			isa = PBXResourcesBuildPhase;
			buildActionMask = 2147483647;
			files = (
				4E11253F293A324C00D3BD55 /* HistoryViewController.xib in Resources */,
				4E0860382949A40700170A60 /* MainViewController.xib in Resources */,
				4E7CD5542937925900F913F4 /* PairBlueToothViewController.xib in Resources */,
				4E8669B0298BA29E00A38D1A /* SwitchTableViewCell.xib in Resources */,
				4E11254B293A33EA00D3BD55 /* InstanceBloodSugarViewController.xib in Resources */,
				4E79C98628F40FD100F3017B /* LaunchScreen.storyboard in Resources */,
				4E71FBC7292FAFDB00B75F9B /* AudiovisualTeachingViewController.xib in Resources */,
				4E2160F82939D5A80021553C /* ConnectViewController.xib in Resources */,
				4EB4689A2986B03800820F92 /* AccountSectionTableViewCell.xib in Resources */,
				4E0860342948AA2400170A60 /* CustomTabBarView.xib in Resources */,
				4EFBDA652923AE8300202B2A /* ContrastPopoverViewController.xib in Resources */,
				4E79C98328F40FD100F3017B /* Assets.xcassets in Resources */,
				4EA71BD82939F282000A1A4C /* ScanningSensorViewController.xib in Resources */,
				4EB1D7012958B82900ABA352 /* BloodSugarConfirmViewController.xib in Resources */,
				4EA0FA3229768FCF00D135B5 /* PersionalInformationTableViewCell.xib in Resources */,
				4EB1D6FD2958B57900ABA352 /* BloodSugarUnderstandMoreViewController.xib in Resources */,
				4E854D7B29026E9B0097D79E /* RegisterViewController.xib in Resources */,
				4E7CD54F2935F7A100F913F4 /* UnderstandMoreViewController.xib in Resources */,
				4E79782C293258F2009AE72E /* TransmitterContentViewController.xib in Resources */,
				4E8669B4298BB01500A38D1A /* RightArrowTableViewCell.xib in Resources */,
				4EFF5F952990117600BF00D5 /* CalibrationModeTableViewCell.xib in Resources */,
				4E1DB0B8298CBF4200CA1C8C /* SettingAlertViewController.xib in Resources */,
				4EFBDA75292BA17100202B2A /* ForgotPassword.xib in Resources */,
				4E7F94DD292CD6F000F28F69 /* ResetPasswordViewController.xib in Resources */,
				4EA0FA3629768FEB00D135B5 /* LogOutTableViewCell.xib in Resources */,
				4E8669A8298B7C7300A38D1A /* SettingViewController.xib in Resources */,
				4E48CAB72958771E00CC9855 /* ConnectPopoverViewController.xib in Resources */,
				4E08602F294899E700170A60 /* ImageButtonView.xib in Resources */,
				4E854D80290270DB0097D79E /* LoginViewController.xib in Resources */,
				4EA0FA2C2975231300D135B5 /* BatteryIcon.xib in Resources */,
				4EFF5F912990054700BF00D5 /* SettingCalibrationModeViewController.xib in Resources */,
				4E8669AC298B8EB200A38D1A /* TextTableViewCell.xib in Resources */,
				4E112547293A33C800D3BD55 /* BloodSugarCorrectionViewController.xib in Resources */,
				4E8669B8298BD5E500A38D1A /* ReloadTableViewCell.xib in Resources */,
				4E112553293A341E00D3BD55 /* PersionalInformationViewController.xib in Resources */,
				4E2EE82D29406650005F9DDD /* BodyInformationArrowTableViewCell.xib in Resources */,
				4EB1D70B295EDC9F00ABA352 /* TransmitterTimeAndSensorBatteryPopover.xib in Resources */,
				4E11254F293A33FF00D3BD55 /* LifeStyleViewController.xib in Resources */,
				4E71FBCC2930EF4A00B75F9B /* BloodSugarIndexViewController.xib in Resources */,
				4EFBDA6E292666AA00202B2A /* RecertifictionLeterViewController.xib in Resources */,
				4E2EE827293DF856005F9DDD /* BodyInformationTableViewCell.xib in Resources */,
				4E71FBC2292FAAAE00B75F9B /* BodyInformationViewController.xib in Resources */,
				4E1DB0BC298CC38000CA1C8C /* SettingAlertTableViewCell.xib in Resources */,
			);
			runOnlyForDeploymentPostprocessing = 0;
		};
		4E79C98A28F40FD200F3017B /* Resources */ = {
			isa = PBXResourcesBuildPhase;
			buildActionMask = 2147483647;
			files = (
			);
			runOnlyForDeploymentPostprocessing = 0;
		};
		4E79C99428F40FD200F3017B /* Resources */ = {
			isa = PBXResourcesBuildPhase;
			buildActionMask = 2147483647;
			files = (
			);
			runOnlyForDeploymentPostprocessing = 0;
		};
/* End PBXResourcesBuildPhase section */

/* Begin PBXShellScriptBuildPhase section */
		69080E07291D065C70F14E7D /* [CP] Check Pods Manifest.lock */ = {
			isa = PBXShellScriptBuildPhase;
			buildActionMask = 2147483647;
			files = (
			);
			inputFileListPaths = (
			);
			inputPaths = (
				"${PODS_PODFILE_DIR_PATH}/Podfile.lock",
				"${PODS_ROOT}/Manifest.lock",
			);
			name = "[CP] Check Pods Manifest.lock";
			outputFileListPaths = (
			);
			outputPaths = (
				"$(DERIVED_FILE_DIR)/Pods-Seknova-Practice-checkManifestLockResult.txt",
			);
			runOnlyForDeploymentPostprocessing = 0;
			shellPath = /bin/sh;
			shellScript = "diff \"${PODS_PODFILE_DIR_PATH}/Podfile.lock\" \"${PODS_ROOT}/Manifest.lock\" > /dev/null\nif [ $? != 0 ] ; then\n    # print error to STDERR\n    echo \"error: The sandbox is not in sync with the Podfile.lock. Run 'pod install' or update your CocoaPods installation.\" >&2\n    exit 1\nfi\n# This output is used by Xcode 'outputs' to avoid re-running this script phase.\necho \"SUCCESS\" > \"${SCRIPT_OUTPUT_FILE_0}\"\n";
			showEnvVarsInLog = 0;
		};
		6C45B5A0FE79C1E0885348E3 /* [CP] Check Pods Manifest.lock */ = {
			isa = PBXShellScriptBuildPhase;
			buildActionMask = 2147483647;
			files = (
			);
			inputFileListPaths = (
			);
			inputPaths = (
				"${PODS_PODFILE_DIR_PATH}/Podfile.lock",
				"${PODS_ROOT}/Manifest.lock",
			);
			name = "[CP] Check Pods Manifest.lock";
			outputFileListPaths = (
			);
			outputPaths = (
				"$(DERIVED_FILE_DIR)/Pods-Seknova-PracticeTests-checkManifestLockResult.txt",
			);
			runOnlyForDeploymentPostprocessing = 0;
			shellPath = /bin/sh;
			shellScript = "diff \"${PODS_PODFILE_DIR_PATH}/Podfile.lock\" \"${PODS_ROOT}/Manifest.lock\" > /dev/null\nif [ $? != 0 ] ; then\n    # print error to STDERR\n    echo \"error: The sandbox is not in sync with the Podfile.lock. Run 'pod install' or update your CocoaPods installation.\" >&2\n    exit 1\nfi\n# This output is used by Xcode 'outputs' to avoid re-running this script phase.\necho \"SUCCESS\" > \"${SCRIPT_OUTPUT_FILE_0}\"\n";
			showEnvVarsInLog = 0;
		};
		6EC7B69F6303F116CC4FE93D /* [CP] Embed Pods Frameworks */ = {
			isa = PBXShellScriptBuildPhase;
			buildActionMask = 2147483647;
			files = (
			);
			inputFileListPaths = (
				"${PODS_ROOT}/Target Support Files/Pods-Seknova-Practice-Seknova-PracticeUITests/Pods-Seknova-Practice-Seknova-PracticeUITests-frameworks-${CONFIGURATION}-input-files.xcfilelist",
			);
			name = "[CP] Embed Pods Frameworks";
			outputFileListPaths = (
				"${PODS_ROOT}/Target Support Files/Pods-Seknova-Practice-Seknova-PracticeUITests/Pods-Seknova-Practice-Seknova-PracticeUITests-frameworks-${CONFIGURATION}-output-files.xcfilelist",
			);
			runOnlyForDeploymentPostprocessing = 0;
			shellPath = /bin/sh;
			shellScript = "\"${PODS_ROOT}/Target Support Files/Pods-Seknova-Practice-Seknova-PracticeUITests/Pods-Seknova-Practice-Seknova-PracticeUITests-frameworks.sh\"\n";
			showEnvVarsInLog = 0;
		};
		C24776FA0A3BAACEDF276073 /* [CP] Check Pods Manifest.lock */ = {
			isa = PBXShellScriptBuildPhase;
			buildActionMask = 2147483647;
			files = (
			);
			inputFileListPaths = (
			);
			inputPaths = (
				"${PODS_PODFILE_DIR_PATH}/Podfile.lock",
				"${PODS_ROOT}/Manifest.lock",
			);
			name = "[CP] Check Pods Manifest.lock";
			outputFileListPaths = (
			);
			outputPaths = (
				"$(DERIVED_FILE_DIR)/Pods-Seknova-Practice-Seknova-PracticeUITests-checkManifestLockResult.txt",
			);
			runOnlyForDeploymentPostprocessing = 0;
			shellPath = /bin/sh;
			shellScript = "diff \"${PODS_PODFILE_DIR_PATH}/Podfile.lock\" \"${PODS_ROOT}/Manifest.lock\" > /dev/null\nif [ $? != 0 ] ; then\n    # print error to STDERR\n    echo \"error: The sandbox is not in sync with the Podfile.lock. Run 'pod install' or update your CocoaPods installation.\" >&2\n    exit 1\nfi\n# This output is used by Xcode 'outputs' to avoid re-running this script phase.\necho \"SUCCESS\" > \"${SCRIPT_OUTPUT_FILE_0}\"\n";
			showEnvVarsInLog = 0;
		};
		F53A5410464AADA2D3561F1A /* [CP] Embed Pods Frameworks */ = {
			isa = PBXShellScriptBuildPhase;
			buildActionMask = 2147483647;
			files = (
			);
			inputFileListPaths = (
				"${PODS_ROOT}/Target Support Files/Pods-Seknova-Practice/Pods-Seknova-Practice-frameworks-${CONFIGURATION}-input-files.xcfilelist",
			);
			name = "[CP] Embed Pods Frameworks";
			outputFileListPaths = (
				"${PODS_ROOT}/Target Support Files/Pods-Seknova-Practice/Pods-Seknova-Practice-frameworks-${CONFIGURATION}-output-files.xcfilelist",
			);
			runOnlyForDeploymentPostprocessing = 0;
			shellPath = /bin/sh;
			shellScript = "\"${PODS_ROOT}/Target Support Files/Pods-Seknova-Practice/Pods-Seknova-Practice-frameworks.sh\"\n";
			showEnvVarsInLog = 0;
		};
/* End PBXShellScriptBuildPhase section */

/* Begin PBXSourcesBuildPhase section */
		4E79C97228F40FCF00F3017B /* Sources */ = {
			isa = PBXSourcesBuildPhase;
			buildActionMask = 2147483647;
			files = (
				4E48CAB62958771E00CC9855 /* ConnectPopoverViewController.swift in Sources */,
				4E2E94E02913B7F900E2533F /* String+Extensions.swift in Sources */,
				4E8669AF298BA29E00A38D1A /* SwitchTableViewCell.swift in Sources */,
				4E7CD5532937925900F913F4 /* PairBlueToothViewController.swift in Sources */,
				4EB468992986B03800820F92 /* AccountSectionTableViewCell.swift in Sources */,
				4E2EE829293F7E01005F9DDD /* AppDefine.swift in Sources */,
				4E2EE82F29435621005F9DDD /* LocalDatabase.swift in Sources */,
				4E1DB0BB298CC38000CA1C8C /* SettingAlertTableViewCell.swift in Sources */,
				4E2EE826293DF856005F9DDD /* BodyInformationTableViewCell.swift in Sources */,
				4EB1D70D295EF70D00ABA352 /* CommandBase.swift in Sources */,
				4E2EE82C29406650005F9DDD /* BodyInformationArrowTableViewCell.swift in Sources */,
				4EB1D7002958B82900ABA352 /* BloodSugarConfirmViewController.swift in Sources */,
				4E88DB4E290283C9005DCFC9 /* AlphaBackgroundView.swift in Sources */,
				4EA71BD72939F282000A1A4C /* ScanningSensorViewController.swift in Sources */,
				4EB1D70A295EDC9F00ABA352 /* TransmitterTimeAndSensorBatteryPopover.swift in Sources */,
				4E112552293A341E00D3BD55 /* PersionalInformationViewController.swift in Sources */,
				4E9BA6BC29090E1700EA71A5 /* TextField+Extensions.swift in Sources */,
				4E2160F72939D5A80021553C /* ConnectViewController.swift in Sources */,
				4E7CD54E2935F7A100F913F4 /* UnderstandMoreViewController.swift in Sources */,
				4EA0FA2A297522AF00D135B5 /* BatteryIcon.swift in Sources */,
				4E8669AB298B8EB200A38D1A /* TextTableViewCell.swift in Sources */,
				4EFF5F942990117600BF00D5 /* CalibrationModeTableViewCell.swift in Sources */,
				4EFBDA6D292666AA00202B2A /* RecertifictionLeterViewController.swift in Sources */,
				4E71FBC1292FAAAE00B75F9B /* BodyInformationViewController.swift in Sources */,
				4E71FBCB2930EF4A00B75F9B /* BloodSugarIndexViewController.swift in Sources */,
				4EFF5F98299015BA00BF00D5 /* CalibrationModeDataTable.swift in Sources */,
				4EB1D705295C767600ABA352 /* BarButtonItem+Extensions.swift in Sources */,
				4E086027294862EB00170A60 /* UserInformationTable.swift in Sources */,
				4E79C97A28F40FCF00F3017B /* AppDelegate.swift in Sources */,
				4EFF5F902990054700BF00D5 /* SettingCalibrationModeViewController.swift in Sources */,
				4EB1D707295ED91F00ABA352 /* NSNotification+Extensions.swift in Sources */,
				4E79782B293258F2009AE72E /* TransmitterContentViewController.swift in Sources */,
				4E11253E293A324C00D3BD55 /* HistoryViewController.swift in Sources */,
				4E79C97C28F40FCF00F3017B /* SceneDelegate.swift in Sources */,
				4E854D7A29026E9B0097D79E /* RegisterViewController.swift in Sources */,
				4E8303C32907D8EF005DBEA5 /* Color+Extensions.swift in Sources */,
				4E08602E294899E700170A60 /* ImageButtonView.swift in Sources */,
				4E854D7F290270DB0097D79E /* LoginViewController.swift in Sources */,
				4E08602B2948966800170A60 /* EventDataTable.swift in Sources */,
				4E112546293A33C800D3BD55 /* BloodSugarCorrectionViewController.swift in Sources */,
				4E2E94E32913BDE200E2533F /* Alert.swift in Sources */,
				4E0860372949A40700170A60 /* MainViewController.swift in Sources */,
				4E11254E293A33FF00D3BD55 /* LifeStyleViewController.swift in Sources */,
				4E0860332948AA2400170A60 /* CustomTabBarView.swift in Sources */,
				4EA0FA2E297525BD00D135B5 /* UIViewToUIImage.swift in Sources */,
				4EFBDA642923AE8300202B2A /* ContrastPopoverViewController.swift in Sources */,
				4E8669B7298BD5E500A38D1A /* ReloadTableViewCell.swift in Sources */,
				4EB1D6FC2958B57900ABA352 /* BloodSugarUnderstandMoreViewController.swift in Sources */,
				4E8669A7298B7C7300A38D1A /* SettingViewController.swift in Sources */,
				4EA0FA3129768FCF00D135B5 /* PersionalInformationTableViewCell.swift in Sources */,
				4E71FBC6292FAFDB00B75F9B /* AudiovisualTeachingViewController.swift in Sources */,
				4EA0FA3529768FEB00D135B5 /* LogOutTableViewCell.swift in Sources */,
				4E1DB0B7298CBF4200CA1C8C /* SettingAlertViewController.swift in Sources */,
				4E8669B3298BB01500A38D1A /* RightArrowTableViewCell.swift in Sources */,
				4EFBDA74292BA17100202B2A /* ForgotPassword.swift in Sources */,
				4E08602929488F8A00170A60 /* RecordsTable.swift in Sources */,
				4E7F94DC292CD6F000F28F69 /* ResetPasswordViewController.swift in Sources */,
				4EFBDA70292B78E400202B2A /* UserPreference.swift in Sources */,
				4E11254A293A33EA00D3BD55 /* InstanceBloodSugarViewController.swift in Sources */,
				4E8303C12907D559005DBEA5 /* BaseViewController.swift in Sources */,
				4E08602529484F5600170A60 /* ActivityIndicatorView.swift in Sources */,
				4E48CAAF295491C500CC9855 /* ChartXAxisFormatter.swift in Sources */,
			);
			runOnlyForDeploymentPostprocessing = 0;
		};
		4E79C98828F40FD200F3017B /* Sources */ = {
			isa = PBXSourcesBuildPhase;
			buildActionMask = 2147483647;
			files = (
				4E79C99128F40FD200F3017B /* Seknova_PracticeTests.swift in Sources */,
			);
			runOnlyForDeploymentPostprocessing = 0;
		};
		4E79C99228F40FD200F3017B /* Sources */ = {
			isa = PBXSourcesBuildPhase;
			buildActionMask = 2147483647;
			files = (
				4E79C99B28F40FD200F3017B /* Seknova_PracticeUITests.swift in Sources */,
				4E79C99D28F40FD200F3017B /* Seknova_PracticeUITestsLaunchTests.swift in Sources */,
			);
			runOnlyForDeploymentPostprocessing = 0;
		};
/* End PBXSourcesBuildPhase section */

/* Begin PBXTargetDependency section */
		4E79C98E28F40FD200F3017B /* PBXTargetDependency */ = {
			isa = PBXTargetDependency;
			target = 4E79C97528F40FCF00F3017B /* Seknova-Practice */;
			targetProxy = 4E79C98D28F40FD200F3017B /* PBXContainerItemProxy */;
		};
		4E79C99828F40FD200F3017B /* PBXTargetDependency */ = {
			isa = PBXTargetDependency;
			target = 4E79C97528F40FCF00F3017B /* Seknova-Practice */;
			targetProxy = 4E79C99728F40FD200F3017B /* PBXContainerItemProxy */;
		};
/* End PBXTargetDependency section */

/* Begin PBXVariantGroup section */
		4E79C98428F40FD100F3017B /* LaunchScreen.storyboard */ = {
			isa = PBXVariantGroup;
			children = (
				4E79C98528F40FD100F3017B /* Base */,
			);
			name = LaunchScreen.storyboard;
			sourceTree = "<group>";
		};
/* End PBXVariantGroup section */

/* Begin XCBuildConfiguration section */
		4E79C99E28F40FD200F3017B /* Debug */ = {
			isa = XCBuildConfiguration;
			buildSettings = {
				ALWAYS_SEARCH_USER_PATHS = NO;
				CLANG_ANALYZER_NONNULL = YES;
				CLANG_ANALYZER_NUMBER_OBJECT_CONVERSION = YES_AGGRESSIVE;
				CLANG_CXX_LANGUAGE_STANDARD = "gnu++17";
				CLANG_ENABLE_MODULES = YES;
				CLANG_ENABLE_OBJC_ARC = YES;
				CLANG_ENABLE_OBJC_WEAK = YES;
				CLANG_WARN_BLOCK_CAPTURE_AUTORELEASING = YES;
				CLANG_WARN_BOOL_CONVERSION = YES;
				CLANG_WARN_COMMA = YES;
				CLANG_WARN_CONSTANT_CONVERSION = YES;
				CLANG_WARN_DEPRECATED_OBJC_IMPLEMENTATIONS = YES;
				CLANG_WARN_DIRECT_OBJC_ISA_USAGE = YES_ERROR;
				CLANG_WARN_DOCUMENTATION_COMMENTS = YES;
				CLANG_WARN_EMPTY_BODY = YES;
				CLANG_WARN_ENUM_CONVERSION = YES;
				CLANG_WARN_INFINITE_RECURSION = YES;
				CLANG_WARN_INT_CONVERSION = YES;
				CLANG_WARN_NON_LITERAL_NULL_CONVERSION = YES;
				CLANG_WARN_OBJC_IMPLICIT_RETAIN_SELF = YES;
				CLANG_WARN_OBJC_LITERAL_CONVERSION = YES;
				CLANG_WARN_OBJC_ROOT_CLASS = YES_ERROR;
				CLANG_WARN_QUOTED_INCLUDE_IN_FRAMEWORK_HEADER = YES;
				CLANG_WARN_RANGE_LOOP_ANALYSIS = YES;
				CLANG_WARN_STRICT_PROTOTYPES = YES;
				CLANG_WARN_SUSPICIOUS_MOVE = YES;
				CLANG_WARN_UNGUARDED_AVAILABILITY = YES_AGGRESSIVE;
				CLANG_WARN_UNREACHABLE_CODE = YES;
				CLANG_WARN__DUPLICATE_METHOD_MATCH = YES;
				COPY_PHASE_STRIP = NO;
				DEBUG_INFORMATION_FORMAT = dwarf;
				ENABLE_STRICT_OBJC_MSGSEND = YES;
				ENABLE_TESTABILITY = YES;
				GCC_C_LANGUAGE_STANDARD = gnu11;
				GCC_DYNAMIC_NO_PIC = NO;
				GCC_NO_COMMON_BLOCKS = YES;
				GCC_OPTIMIZATION_LEVEL = 0;
				GCC_PREPROCESSOR_DEFINITIONS = (
					"DEBUG=1",
					"$(inherited)",
				);
				GCC_WARN_64_TO_32_BIT_CONVERSION = YES;
				GCC_WARN_ABOUT_RETURN_TYPE = YES_ERROR;
				GCC_WARN_UNDECLARED_SELECTOR = YES;
				GCC_WARN_UNINITIALIZED_AUTOS = YES_AGGRESSIVE;
				GCC_WARN_UNUSED_FUNCTION = YES;
				GCC_WARN_UNUSED_VARIABLE = YES;
				IPHONEOS_DEPLOYMENT_TARGET = 15.5;
				MTL_ENABLE_DEBUG_INFO = INCLUDE_SOURCE;
				MTL_FAST_MATH = YES;
				ONLY_ACTIVE_ARCH = YES;
				SDKROOT = iphoneos;
				SWIFT_ACTIVE_COMPILATION_CONDITIONS = DEBUG;
				SWIFT_OPTIMIZATION_LEVEL = "-Onone";
			};
			name = Debug;
		};
		4E79C99F28F40FD200F3017B /* Release */ = {
			isa = XCBuildConfiguration;
			buildSettings = {
				ALWAYS_SEARCH_USER_PATHS = NO;
				CLANG_ANALYZER_NONNULL = YES;
				CLANG_ANALYZER_NUMBER_OBJECT_CONVERSION = YES_AGGRESSIVE;
				CLANG_CXX_LANGUAGE_STANDARD = "gnu++17";
				CLANG_ENABLE_MODULES = YES;
				CLANG_ENABLE_OBJC_ARC = YES;
				CLANG_ENABLE_OBJC_WEAK = YES;
				CLANG_WARN_BLOCK_CAPTURE_AUTORELEASING = YES;
				CLANG_WARN_BOOL_CONVERSION = YES;
				CLANG_WARN_COMMA = YES;
				CLANG_WARN_CONSTANT_CONVERSION = YES;
				CLANG_WARN_DEPRECATED_OBJC_IMPLEMENTATIONS = YES;
				CLANG_WARN_DIRECT_OBJC_ISA_USAGE = YES_ERROR;
				CLANG_WARN_DOCUMENTATION_COMMENTS = YES;
				CLANG_WARN_EMPTY_BODY = YES;
				CLANG_WARN_ENUM_CONVERSION = YES;
				CLANG_WARN_INFINITE_RECURSION = YES;
				CLANG_WARN_INT_CONVERSION = YES;
				CLANG_WARN_NON_LITERAL_NULL_CONVERSION = YES;
				CLANG_WARN_OBJC_IMPLICIT_RETAIN_SELF = YES;
				CLANG_WARN_OBJC_LITERAL_CONVERSION = YES;
				CLANG_WARN_OBJC_ROOT_CLASS = YES_ERROR;
				CLANG_WARN_QUOTED_INCLUDE_IN_FRAMEWORK_HEADER = YES;
				CLANG_WARN_RANGE_LOOP_ANALYSIS = YES;
				CLANG_WARN_STRICT_PROTOTYPES = YES;
				CLANG_WARN_SUSPICIOUS_MOVE = YES;
				CLANG_WARN_UNGUARDED_AVAILABILITY = YES_AGGRESSIVE;
				CLANG_WARN_UNREACHABLE_CODE = YES;
				CLANG_WARN__DUPLICATE_METHOD_MATCH = YES;
				COPY_PHASE_STRIP = NO;
				DEBUG_INFORMATION_FORMAT = "dwarf-with-dsym";
				ENABLE_NS_ASSERTIONS = NO;
				ENABLE_STRICT_OBJC_MSGSEND = YES;
				GCC_C_LANGUAGE_STANDARD = gnu11;
				GCC_NO_COMMON_BLOCKS = YES;
				GCC_WARN_64_TO_32_BIT_CONVERSION = YES;
				GCC_WARN_ABOUT_RETURN_TYPE = YES_ERROR;
				GCC_WARN_UNDECLARED_SELECTOR = YES;
				GCC_WARN_UNINITIALIZED_AUTOS = YES_AGGRESSIVE;
				GCC_WARN_UNUSED_FUNCTION = YES;
				GCC_WARN_UNUSED_VARIABLE = YES;
				IPHONEOS_DEPLOYMENT_TARGET = 15.5;
				MTL_ENABLE_DEBUG_INFO = NO;
				MTL_FAST_MATH = YES;
				SDKROOT = iphoneos;
				SWIFT_COMPILATION_MODE = wholemodule;
				SWIFT_OPTIMIZATION_LEVEL = "-O";
				VALIDATE_PRODUCT = YES;
			};
			name = Release;
		};
		4E79C9A128F40FD200F3017B /* Debug */ = {
			isa = XCBuildConfiguration;
			baseConfigurationReference = 73B98C0961C0E0B99FCF814F /* Pods-Seknova-Practice.debug.xcconfig */;
			buildSettings = {
				ASSETCATALOG_COMPILER_APPICON_NAME = AppIcon;
				ASSETCATALOG_COMPILER_GLOBAL_ACCENT_COLOR_NAME = AccentColor;
				CODE_SIGN_STYLE = Automatic;
				CURRENT_PROJECT_VERSION = 1;
				DEVELOPMENT_TEAM = S8FBP4YLUA;
				GENERATE_INFOPLIST_FILE = YES;
				INFOPLIST_FILE = "Seknova-Practice/Info.plist";
				INFOPLIST_KEY_NSCameraUsageDescription = "需要使用本手機的相機才能使用掃描裝置 QRcode 功能";
				INFOPLIST_KEY_UIApplicationSupportsIndirectInputEvents = YES;
				INFOPLIST_KEY_UILaunchStoryboardName = MainViewController.xib;
				INFOPLIST_KEY_UIMainStoryboardFile = "";
				INFOPLIST_KEY_UISupportedInterfaceOrientations = UIInterfaceOrientationPortrait;
				INFOPLIST_KEY_UISupportedInterfaceOrientations_iPad = "UIInterfaceOrientationLandscapeLeft UIInterfaceOrientationLandscapeRight UIInterfaceOrientationPortrait UIInterfaceOrientationPortraitUpsideDown";
				INFOPLIST_KEY_UIUserInterfaceStyle = Light;
				IPHONEOS_DEPLOYMENT_TARGET = 15.0;
				LD_RUNPATH_SEARCH_PATHS = (
					"$(inherited)",
					"@executable_path/Frameworks",
				);
				MARKETING_VERSION = 1.0;
				PRODUCT_BUNDLE_IDENTIFIER = "com.gary.Seknova-Practice";
				PRODUCT_NAME = "$(TARGET_NAME)";
				SWIFT_EMIT_LOC_STRINGS = YES;
				SWIFT_VERSION = 5.0;
				TARGETED_DEVICE_FAMILY = "1,2";
			};
			name = Debug;
		};
		4E79C9A228F40FD200F3017B /* Release */ = {
			isa = XCBuildConfiguration;
			baseConfigurationReference = E6ADCFB13685BA29F0ED7763 /* Pods-Seknova-Practice.release.xcconfig */;
			buildSettings = {
				ASSETCATALOG_COMPILER_APPICON_NAME = AppIcon;
				ASSETCATALOG_COMPILER_GLOBAL_ACCENT_COLOR_NAME = AccentColor;
				CODE_SIGN_STYLE = Automatic;
				CURRENT_PROJECT_VERSION = 1;
				DEVELOPMENT_TEAM = S8FBP4YLUA;
				GENERATE_INFOPLIST_FILE = YES;
				INFOPLIST_FILE = "Seknova-Practice/Info.plist";
				INFOPLIST_KEY_NSCameraUsageDescription = "需要使用本手機的相機才能使用掃描裝置 QRcode 功能";
				INFOPLIST_KEY_UIApplicationSupportsIndirectInputEvents = YES;
				INFOPLIST_KEY_UILaunchStoryboardName = MainViewController.xib;
				INFOPLIST_KEY_UIMainStoryboardFile = "";
				INFOPLIST_KEY_UISupportedInterfaceOrientations = UIInterfaceOrientationPortrait;
				INFOPLIST_KEY_UISupportedInterfaceOrientations_iPad = "UIInterfaceOrientationLandscapeLeft UIInterfaceOrientationLandscapeRight UIInterfaceOrientationPortrait UIInterfaceOrientationPortraitUpsideDown";
				INFOPLIST_KEY_UIUserInterfaceStyle = Light;
				IPHONEOS_DEPLOYMENT_TARGET = 15.0;
				LD_RUNPATH_SEARCH_PATHS = (
					"$(inherited)",
					"@executable_path/Frameworks",
				);
				MARKETING_VERSION = 1.0;
				PRODUCT_BUNDLE_IDENTIFIER = "com.gary.Seknova-Practice";
				PRODUCT_NAME = "$(TARGET_NAME)";
				SWIFT_EMIT_LOC_STRINGS = YES;
				SWIFT_VERSION = 5.0;
				TARGETED_DEVICE_FAMILY = "1,2";
			};
			name = Release;
		};
		4E79C9A428F40FD200F3017B /* Debug */ = {
			isa = XCBuildConfiguration;
			baseConfigurationReference = 66AB2B0F508E9F55A2DC51EB /* Pods-Seknova-PracticeTests.debug.xcconfig */;
			buildSettings = {
				ALWAYS_EMBED_SWIFT_STANDARD_LIBRARIES = YES;
				BUNDLE_LOADER = "$(TEST_HOST)";
				CODE_SIGN_STYLE = Automatic;
				CURRENT_PROJECT_VERSION = 1;
				GENERATE_INFOPLIST_FILE = YES;
				IPHONEOS_DEPLOYMENT_TARGET = 15.5;
				MARKETING_VERSION = 1.0;
				PRODUCT_BUNDLE_IDENTIFIER = "com.gary.Seknova-PracticeTests";
				PRODUCT_NAME = "$(TARGET_NAME)";
				SWIFT_EMIT_LOC_STRINGS = NO;
				SWIFT_VERSION = 5.0;
				TARGETED_DEVICE_FAMILY = "1,2";
				TEST_HOST = "$(BUILT_PRODUCTS_DIR)/Seknova-Practice.app/Seknova-Practice";
			};
			name = Debug;
		};
		4E79C9A528F40FD200F3017B /* Release */ = {
			isa = XCBuildConfiguration;
			baseConfigurationReference = 74C6295ABF655AAD775AA0A3 /* Pods-Seknova-PracticeTests.release.xcconfig */;
			buildSettings = {
				ALWAYS_EMBED_SWIFT_STANDARD_LIBRARIES = YES;
				BUNDLE_LOADER = "$(TEST_HOST)";
				CODE_SIGN_STYLE = Automatic;
				CURRENT_PROJECT_VERSION = 1;
				GENERATE_INFOPLIST_FILE = YES;
				IPHONEOS_DEPLOYMENT_TARGET = 15.5;
				MARKETING_VERSION = 1.0;
				PRODUCT_BUNDLE_IDENTIFIER = "com.gary.Seknova-PracticeTests";
				PRODUCT_NAME = "$(TARGET_NAME)";
				SWIFT_EMIT_LOC_STRINGS = NO;
				SWIFT_VERSION = 5.0;
				TARGETED_DEVICE_FAMILY = "1,2";
				TEST_HOST = "$(BUILT_PRODUCTS_DIR)/Seknova-Practice.app/Seknova-Practice";
			};
			name = Release;
		};
		4E79C9A728F40FD200F3017B /* Debug */ = {
			isa = XCBuildConfiguration;
			baseConfigurationReference = D50C8B306315FD57732FB8CA /* Pods-Seknova-Practice-Seknova-PracticeUITests.debug.xcconfig */;
			buildSettings = {
				ALWAYS_EMBED_SWIFT_STANDARD_LIBRARIES = YES;
				CODE_SIGN_STYLE = Automatic;
				CURRENT_PROJECT_VERSION = 1;
				GENERATE_INFOPLIST_FILE = YES;
				MARKETING_VERSION = 1.0;
				PRODUCT_BUNDLE_IDENTIFIER = "com.gary.Seknova-PracticeUITests";
				PRODUCT_NAME = "$(TARGET_NAME)";
				SWIFT_EMIT_LOC_STRINGS = NO;
				SWIFT_VERSION = 5.0;
				TARGETED_DEVICE_FAMILY = "1,2";
				TEST_TARGET_NAME = "Seknova-Practice";
			};
			name = Debug;
		};
		4E79C9A828F40FD200F3017B /* Release */ = {
			isa = XCBuildConfiguration;
			baseConfigurationReference = 0F46DE910FEBAD4F4DB2D4E6 /* Pods-Seknova-Practice-Seknova-PracticeUITests.release.xcconfig */;
			buildSettings = {
				ALWAYS_EMBED_SWIFT_STANDARD_LIBRARIES = YES;
				CODE_SIGN_STYLE = Automatic;
				CURRENT_PROJECT_VERSION = 1;
				GENERATE_INFOPLIST_FILE = YES;
				MARKETING_VERSION = 1.0;
				PRODUCT_BUNDLE_IDENTIFIER = "com.gary.Seknova-PracticeUITests";
				PRODUCT_NAME = "$(TARGET_NAME)";
				SWIFT_EMIT_LOC_STRINGS = NO;
				SWIFT_VERSION = 5.0;
				TARGETED_DEVICE_FAMILY = "1,2";
				TEST_TARGET_NAME = "Seknova-Practice";
			};
			name = Release;
		};
/* End XCBuildConfiguration section */

/* Begin XCConfigurationList section */
		4E79C97128F40FCF00F3017B /* Build configuration list for PBXProject "Seknova-Practice" */ = {
			isa = XCConfigurationList;
			buildConfigurations = (
				4E79C99E28F40FD200F3017B /* Debug */,
				4E79C99F28F40FD200F3017B /* Release */,
			);
			defaultConfigurationIsVisible = 0;
			defaultConfigurationName = Release;
		};
		4E79C9A028F40FD200F3017B /* Build configuration list for PBXNativeTarget "Seknova-Practice" */ = {
			isa = XCConfigurationList;
			buildConfigurations = (
				4E79C9A128F40FD200F3017B /* Debug */,
				4E79C9A228F40FD200F3017B /* Release */,
			);
			defaultConfigurationIsVisible = 0;
			defaultConfigurationName = Release;
		};
		4E79C9A328F40FD200F3017B /* Build configuration list for PBXNativeTarget "Seknova-PracticeTests" */ = {
			isa = XCConfigurationList;
			buildConfigurations = (
				4E79C9A428F40FD200F3017B /* Debug */,
				4E79C9A528F40FD200F3017B /* Release */,
			);
			defaultConfigurationIsVisible = 0;
			defaultConfigurationName = Release;
		};
		4E79C9A628F40FD200F3017B /* Build configuration list for PBXNativeTarget "Seknova-PracticeUITests" */ = {
			isa = XCConfigurationList;
			buildConfigurations = (
				4E79C9A728F40FD200F3017B /* Debug */,
				4E79C9A828F40FD200F3017B /* Release */,
			);
			defaultConfigurationIsVisible = 0;
			defaultConfigurationName = Release;
		};
/* End XCConfigurationList section */
	};
	rootObject = 4E79C96E28F40FCF00F3017B /* Project object */;
}
